<?xml version="1.0" encoding="utf-8"?>
<Project ToolsVersion="4.0" xmlns="http://schemas.microsoft.com/developer/msbuild/2003">
  <ItemGroup>
    <Filter Include="Resources">
      <UniqueIdentifier>5fd0e509-b6ae-4f29-bd2a-4d2cc10f3aa0</UniqueIdentifier>
      <Extensions>rc;ico;cur;bmp;dlg;rc2;rct;bin;rgs;gif;jpg;jpeg;jpe;resx;tiff;tif;png;wav;mfcribbon-ms</Extensions>
    </Filter>
    <Filter Include="ePub3">
      <UniqueIdentifier>{dc952ce1-7153-4d63-95ea-0ce96eb77a7d}</UniqueIdentifier>
    </Filter>
    <Filter Include="ePub3\ePub">
      <UniqueIdentifier>{214463d7-766d-44de-97b4-0236bae553fb}</UniqueIdentifier>
    </Filter>
    <Filter Include="ePub3\ePub\Filters">
      <UniqueIdentifier>{1bcbf0d5-cdbd-4f99-a692-2c07b1e8291c}</UniqueIdentifier>
    </Filter>
    <Filter Include="ePub3\ePub\Filters\Content Preprocessing">
      <UniqueIdentifier>{dfb0146c-46df-436e-b6a0-5b59bedce27d}</UniqueIdentifier>
    </Filter>
    <Filter Include="ePub3\ePub\Filters\Encryption">
      <UniqueIdentifier>{8bb3c41c-fc3c-4bad-a585-9895e399f3fe}</UniqueIdentifier>
    </Filter>
    <Filter Include="ePub3\ePub\Library">
      <UniqueIdentifier>{a9ef82b5-1964-4618-ab42-2bebc6108a5e}</UniqueIdentifier>
    </Filter>
    <Filter Include="ePub3\ePub\Components">
      <UniqueIdentifier>{693afd2d-5516-48d3-a08b-897971b95021}</UniqueIdentifier>
    </Filter>
    <Filter Include="ePub3\ePub\Components\Properties">
      <UniqueIdentifier>{eeea2eb7-c16a-475c-987b-1db53bb5162d}</UniqueIdentifier>
    </Filter>
    <Filter Include="ePub3\ePub\Components\Navigation">
      <UniqueIdentifier>{8aab09bc-100d-4ed6-bfca-14a0690fab4a}</UniqueIdentifier>
    </Filter>
    <Filter Include="ePub3\ePub\Archives">
      <UniqueIdentifier>{75cc7cdf-802c-4114-b353-6391d693c680}</UniqueIdentifier>
    </Filter>
    <Filter Include="ePub3\ePub\ContentModule">
      <UniqueIdentifier>{28e89e97-3f39-4aeb-967a-62606c33bcb4}</UniqueIdentifier>
    </Filter>
    <Filter Include="ePub3\xml">
      <UniqueIdentifier>{41411513-35e6-46fe-9fe4-03d83090fdae}</UniqueIdentifier>
    </Filter>
    <Filter Include="ePub3\xml\tree">
      <UniqueIdentifier>{869bb3bc-2305-4b2e-a0a9-8a2340d7ac6e}</UniqueIdentifier>
    </Filter>
    <Filter Include="ePub3\xml\utilities">
      <UniqueIdentifier>{ac4bf9ef-a637-4040-891b-bed373d23794}</UniqueIdentifier>
    </Filter>
    <Filter Include="ePub3\xml\validation">
      <UniqueIdentifier>{cd7479e0-fa60-424f-86ab-4bd7571a3fa8}</UniqueIdentifier>
    </Filter>
    <Filter Include="ePub3\utilities">
      <UniqueIdentifier>{89419ff0-8ae7-4a9a-9729-7a03fe778bfb}</UniqueIdentifier>
    </Filter>
    <Filter Include="ePub3\ThirdParty">
      <UniqueIdentifier>{15901d05-6d3f-4f42-9ffa-7690e2ec5a24}</UniqueIdentifier>
    </Filter>
    <Filter Include="ePub3\ThirdParty\google-url">
      <UniqueIdentifier>{a58857dc-e842-4740-8a10-e4c2afa48f22}</UniqueIdentifier>
    </Filter>
    <Filter Include="ePub3\ThirdParty\libzip">
      <UniqueIdentifier>{fbe93999-1869-4955-868f-9a159416f6a4}</UniqueIdentifier>
    </Filter>
    <Filter Include="Public Interface">
      <UniqueIdentifier>{bc3aa61b-e043-4a9f-b4eb-9a6dce0e1539}</UniqueIdentifier>
    </Filter>
  </ItemGroup>
  <ItemGroup>
    <ClInclude Include="..\..\..\..\ePub3\base.h">
      <Filter>ePub3</Filter>
    </ClInclude>
    <ClInclude Include="..\..\..\..\ePub3\ePub\epub3.h">
      <Filter>ePub3</Filter>
    </ClInclude>
    <ClInclude Include="..\..\..\..\ePub3\_compiler.h">
      <Filter>ePub3</Filter>
    </ClInclude>
    <ClInclude Include="..\..\..\..\ePub3\_config.h">
      <Filter>ePub3</Filter>
    </ClInclude>
    <ClInclude Include="..\..\..\..\ePub3\_platform.h">
      <Filter>ePub3</Filter>
    </ClInclude>
    <ClInclude Include="..\..\..\..\ePub3\ePub\Forward.h">
      <Filter>ePub3\ePub</Filter>
    </ClInclude>
    <ClInclude Include="..\..\..\..\ePub3\ePub\xpath_wrangler.h">
      <Filter>ePub3\ePub</Filter>
    </ClInclude>
    <ClInclude Include="..\..\..\..\ePub3\ePub\filter.h">
      <Filter>ePub3\ePub\Filters</Filter>
    </ClInclude>
    <ClInclude Include="..\..\..\..\ePub3\ePub\filter_chain.h">
      <Filter>ePub3\ePub\Filters</Filter>
    </ClInclude>
    <ClInclude Include="..\..\..\..\ePub3\ePub\filter_manager.h">
      <Filter>ePub3\ePub\Filters</Filter>
    </ClInclude>
    <ClInclude Include="..\..\..\..\ePub3\ePub\filter_manager_impl.h">
      <Filter>ePub3\ePub\Filters</Filter>
    </ClInclude>
    <ClInclude Include="..\..\..\..\ePub3\ePub\object_preprocessor.h">
      <Filter>ePub3\ePub\Filters\Content Preprocessing</Filter>
    </ClInclude>
    <ClInclude Include="..\..\..\..\ePub3\ePub\switch_preprocessor.h">
      <Filter>ePub3\ePub\Filters\Content Preprocessing</Filter>
    </ClInclude>
    <ClInclude Include="..\..\..\..\ePub3\ePub\font_obfuscation.h">
      <Filter>ePub3\ePub\Filters\Encryption</Filter>
    </ClInclude>
    <ClInclude Include="..\..\..\..\ePub3\ePub\library.h">
      <Filter>ePub3\ePub\Library</Filter>
    </ClInclude>
    <ClInclude Include="..\..\..\..\ePub3\ePub\cfi.h">
      <Filter>ePub3\ePub\Components</Filter>
    </ClInclude>
    <ClInclude Include="..\..\..\..\ePub3\ePub\container.h">
      <Filter>ePub3\ePub\Components</Filter>
    </ClInclude>
    <ClInclude Include="..\..\..\..\ePub3\ePub\content_handler.h">
      <Filter>ePub3\ePub\Components</Filter>
    </ClInclude>
    <ClInclude Include="..\..\..\..\ePub3\ePub\encryption.h">
      <Filter>ePub3\ePub\Components</Filter>
    </ClInclude>
    <ClInclude Include="..\..\..\..\ePub3\ePub\initialization.h">
      <Filter>ePub3\ePub\Components</Filter>
    </ClInclude>
    <ClInclude Include="..\..\..\..\ePub3\ePub\manifest.h">
      <Filter>ePub3\ePub\Components</Filter>
    </ClInclude>
    <ClInclude Include="..\..\..\..\ePub3\ePub\media_support_info.h">
      <Filter>ePub3\ePub\Components</Filter>
    </ClInclude>
    <ClInclude Include="..\..\..\..\ePub3\ePub\package.h">
      <Filter>ePub3\ePub\Components</Filter>
    </ClInclude>
    <ClInclude Include="..\..\..\..\ePub3\ePub\signatures.h">
      <Filter>ePub3\ePub\Components</Filter>
    </ClInclude>
    <ClInclude Include="..\..\..\..\ePub3\ePub\spine.h">
      <Filter>ePub3\ePub\Components</Filter>
    </ClInclude>
    <ClInclude Include="..\..\..\..\ePub3\ePub\property.h">
      <Filter>ePub3\ePub\Components\Properties</Filter>
    </ClInclude>
    <ClInclude Include="..\..\..\..\ePub3\ePub\property_extension.h">
      <Filter>ePub3\ePub\Components\Properties</Filter>
    </ClInclude>
    <ClInclude Include="..\..\..\..\ePub3\ePub\property_holder.h">
      <Filter>ePub3\ePub\Components\Properties</Filter>
    </ClInclude>
    <ClInclude Include="..\..\..\..\ePub3\ePub\glossary.h">
      <Filter>ePub3\ePub\Components\Navigation</Filter>
    </ClInclude>
    <ClInclude Include="..\..\..\..\ePub3\ePub\nav_element.h">
      <Filter>ePub3\ePub\Components\Navigation</Filter>
    </ClInclude>
    <ClInclude Include="..\..\..\..\ePub3\ePub\nav_point.h">
      <Filter>ePub3\ePub\Components\Navigation</Filter>
    </ClInclude>
    <ClInclude Include="..\..\..\..\ePub3\ePub\nav_table.h">
      <Filter>ePub3\ePub\Components\Navigation</Filter>
    </ClInclude>
    <ClInclude Include="..\..\..\..\ePub3\ePub\archive.h">
      <Filter>ePub3\ePub\Archives</Filter>
    </ClInclude>
    <ClInclude Include="..\..\..\..\ePub3\ePub\archive_xml.h">
      <Filter>ePub3\ePub\Archives</Filter>
    </ClInclude>
    <ClInclude Include="..\..\..\..\ePub3\ePub\zip_archive.h">
      <Filter>ePub3\ePub\Archives</Filter>
    </ClInclude>
    <ClInclude Include="..\..\..\..\ePub3\ePub\content_module.h">
      <Filter>ePub3\ePub\ContentModule</Filter>
    </ClInclude>
    <ClInclude Include="..\..\..\..\ePub3\ePub\content_module_manager.h">
      <Filter>ePub3\ePub\ContentModule</Filter>
    </ClInclude>
    <ClInclude Include="..\..\..\..\ePub3\ePub\credential_request.h">
      <Filter>ePub3\ePub\ContentModule</Filter>
    </ClInclude>
    <ClInclude Include="..\..\..\..\ePub3\ePub\user_action.h">
      <Filter>ePub3\ePub\ContentModule</Filter>
    </ClInclude>
    <ClInclude Include="..\..\..\..\ePub3\xml\tree\document.h">
      <Filter>ePub3\xml\tree</Filter>
    </ClInclude>
    <ClInclude Include="..\..\..\..\ePub3\xml\tree\element.h">
      <Filter>ePub3\xml\tree</Filter>
    </ClInclude>
    <ClInclude Include="..\..\..\..\ePub3\xml\tree\node.h">
      <Filter>ePub3\xml\tree</Filter>
    </ClInclude>
    <ClInclude Include="..\..\..\..\ePub3\xml\tree\xpath.h">
      <Filter>ePub3\xml\tree</Filter>
    </ClInclude>
    <ClInclude Include="..\..\..\..\ePub3\xml\utilities\base.h">
      <Filter>ePub3\xml\utilities</Filter>
    </ClInclude>
    <ClInclude Include="..\..\..\..\ePub3\xml\utilities\io.h">
      <Filter>ePub3\xml\utilities</Filter>
    </ClInclude>
    <ClInclude Include="..\..\..\..\ePub3\xml\utilities\xmlstring.h">
      <Filter>ePub3\xml\utilities</Filter>
    </ClInclude>
    <ClInclude Include="..\..\..\..\ePub3\xml\validation\c14n.h">
      <Filter>ePub3\xml\validation</Filter>
    </ClInclude>
    <ClInclude Include="..\..\..\..\ePub3\xml\validation\dtd.h">
      <Filter>ePub3\xml\validation</Filter>
    </ClInclude>
    <ClInclude Include="..\..\..\..\ePub3\xml\validation\ns.h">
      <Filter>ePub3\xml\validation</Filter>
    </ClInclude>
    <ClInclude Include="..\..\..\..\ePub3\xml\validation\schema.h">
      <Filter>ePub3\xml\validation</Filter>
    </ClInclude>
    <ClInclude Include="..\..\..\..\ePub3\utilities\basic.h">
      <Filter>ePub3\utilities</Filter>
    </ClInclude>
    <ClInclude Include="..\..\..\..\ePub3\utilities\byte_buffer.h">
      <Filter>ePub3\utilities</Filter>
    </ClInclude>
    <ClInclude Include="..\..\..\..\ePub3\utilities\byte_stream.h">
      <Filter>ePub3\utilities</Filter>
    </ClInclude>
    <ClInclude Include="..\..\..\..\ePub3\utilities\compressed_pair.h">
      <Filter>ePub3\utilities</Filter>
    </ClInclude>
    <ClInclude Include="..\..\..\..\ePub3\utilities\CPUCacheUtils.h">
      <Filter>ePub3\utilities</Filter>
    </ClInclude>
    <ClInclude Include="..\..\..\..\ePub3\utilities\epub_locale.h">
      <Filter>ePub3\utilities</Filter>
    </ClInclude>
    <ClInclude Include="..\..\..\..\ePub3\utilities\error_handler.h">
      <Filter>ePub3\utilities</Filter>
    </ClInclude>
    <ClInclude Include="..\..\..\..\ePub3\utilities\executor.h">
      <Filter>ePub3\utilities</Filter>
    </ClInclude>
    <ClInclude Include="..\..\..\..\ePub3\utilities\iri.h">
      <Filter>ePub3\utilities</Filter>
    </ClInclude>
    <ClInclude Include="..\..\..\..\ePub3\utilities\make_unique.h">
      <Filter>ePub3\utilities</Filter>
    </ClInclude>
    <ClInclude Include="..\..\..\..\ePub3\utilities\NativeBridge.h">
      <Filter>ePub3\utilities</Filter>
    </ClInclude>
    <ClInclude Include="..\..\..\..\ePub3\utilities\owned_by.h">
      <Filter>ePub3\utilities</Filter>
    </ClInclude>
    <ClInclude Include="..\..\..\..\ePub3\utilities\path_help.h">
      <Filter>ePub3\utilities</Filter>
    </ClInclude>
    <ClInclude Include="..\..\..\..\ePub3\utilities\pointer_type.h">
      <Filter>ePub3\utilities</Filter>
    </ClInclude>
    <ClInclude Include="..\..\..\..\ePub3\utilities\ring_buffer.h">
      <Filter>ePub3\utilities</Filter>
    </ClInclude>
    <ClInclude Include="..\..\..\..\ePub3\utilities\run_loop.h">
      <Filter>ePub3\utilities</Filter>
    </ClInclude>
    <ClInclude Include="..\..\..\..\ePub3\utilities\swap_traits.h">
      <Filter>ePub3\utilities</Filter>
    </ClInclude>
    <ClInclude Include="..\..\..\..\ePub3\utilities\utfstring.h">
      <Filter>ePub3\utilities</Filter>
    </ClInclude>
    <ClInclude Include="..\..\..\..\ePub3\utilities\xml_identifiable.h">
      <Filter>ePub3\utilities</Filter>
    </ClInclude>
    <ClInclude Include="..\..\..\..\ePub3\ThirdParty\google-url\base\basictypes.h">
      <Filter>ePub3\ThirdParty\google-url</Filter>
    </ClInclude>
    <ClInclude Include="..\..\..\..\ePub3\ThirdParty\google-url\base\logging.h">
      <Filter>ePub3\ThirdParty\google-url</Filter>
    </ClInclude>
    <ClInclude Include="..\..\..\..\ePub3\ThirdParty\google-url\base\scoped_ptr.h">
      <Filter>ePub3\ThirdParty\google-url</Filter>
    </ClInclude>
    <ClInclude Include="..\..\..\..\ePub3\ThirdParty\google-url\base\string16.h">
      <Filter>ePub3\ThirdParty\google-url</Filter>
    </ClInclude>
    <ClInclude Include="..\..\..\..\ePub3\ThirdParty\google-url\src\gurl.h">
      <Filter>ePub3\ThirdParty\google-url</Filter>
    </ClInclude>
    <ClInclude Include="..\..\..\..\ePub3\ThirdParty\google-url\src\url_canon.h">
      <Filter>ePub3\ThirdParty\google-url</Filter>
    </ClInclude>
    <ClInclude Include="..\..\..\..\ePub3\ThirdParty\google-url\src\url_canon_cpp11.h">
      <Filter>ePub3\ThirdParty\google-url</Filter>
    </ClInclude>
    <ClInclude Include="..\..\..\..\ePub3\ThirdParty\google-url\src\url_canon_internal.h">
      <Filter>ePub3\ThirdParty\google-url</Filter>
    </ClInclude>
    <ClInclude Include="..\..\..\..\ePub3\ThirdParty\google-url\src\url_canon_internal_file.h">
      <Filter>ePub3\ThirdParty\google-url</Filter>
    </ClInclude>
    <ClInclude Include="..\..\..\..\ePub3\ThirdParty\google-url\src\url_canon_ip.h">
      <Filter>ePub3\ThirdParty\google-url</Filter>
    </ClInclude>
    <ClInclude Include="..\..\..\..\ePub3\ThirdParty\google-url\src\url_canon_stdstring.h">
      <Filter>ePub3\ThirdParty\google-url</Filter>
    </ClInclude>
    <ClInclude Include="..\..\..\..\ePub3\ThirdParty\google-url\src\url_common.h">
      <Filter>ePub3\ThirdParty\google-url</Filter>
    </ClInclude>
    <ClInclude Include="..\..\..\..\ePub3\ThirdParty\google-url\src\url_file.h">
      <Filter>ePub3\ThirdParty\google-url</Filter>
    </ClInclude>
    <ClInclude Include="..\..\..\..\ePub3\ThirdParty\google-url\src\url_parse.h">
      <Filter>ePub3\ThirdParty\google-url</Filter>
    </ClInclude>
    <ClInclude Include="..\..\..\..\ePub3\ThirdParty\google-url\src\url_parse_internal.h">
      <Filter>ePub3\ThirdParty\google-url</Filter>
    </ClInclude>
    <ClInclude Include="..\..\..\..\ePub3\ThirdParty\google-url\src\url_util.h">
      <Filter>ePub3\ThirdParty\google-url</Filter>
    </ClInclude>
    <ClInclude Include="..\..\..\..\ePub3\ThirdParty\google-url\src\url_util_internal.h">
      <Filter>ePub3\ThirdParty\google-url</Filter>
    </ClInclude>
    <ClInclude Include="..\..\..\..\ePub3\ThirdParty\libzip\Config.h">
      <Filter>ePub3\ThirdParty\libzip</Filter>
    </ClInclude>
    <ClInclude Include="..\..\..\..\ePub3\ThirdParty\libzip\zip.h">
      <Filter>ePub3\ThirdParty\libzip</Filter>
    </ClInclude>
    <ClInclude Include="..\..\..\..\ePub3\ThirdParty\libzip\zipint.h">
      <Filter>ePub3\ThirdParty\libzip</Filter>
    </ClInclude>
    <ClInclude Include="..\Readium\BufferBridge.h">
      <Filter>Public Interface</Filter>
    </ClInclude>
    <ClInclude Include="..\Readium\CollectionBridges.h">
      <Filter>Public Interface</Filter>
    </ClInclude>
    <ClInclude Include="..\Readium\ExceptionWrapper.h">
      <Filter>Public Interface</Filter>
    </ClInclude>
    <ClInclude Include="..\Readium\IContentFilter.h">
      <Filter>Public Interface</Filter>
    </ClInclude>
    <ClInclude Include="..\Readium\IContentHandler.h">
      <Filter>Public Interface</Filter>
    </ClInclude>
    <ClInclude Include="..\Readium\IContentModule.h">
      <Filter>Public Interface</Filter>
    </ClInclude>
    <ClInclude Include="..\Readium\INavigationElement.h">
      <Filter>Public Interface</Filter>
    </ClInclude>
    <ClInclude Include="..\Readium\IPropertyHolder.h">
      <Filter>Public Interface</Filter>
    </ClInclude>
    <ClInclude Include="..\Readium\NavElementList.h">
      <Filter>Public Interface</Filter>
    </ClInclude>
    <ClInclude Include="..\Readium\PluginMaps.h">
      <Filter>Public Interface</Filter>
    </ClInclude>
    <ClInclude Include="..\Readium\PropertyHolderImpl.h">
      <Filter>Public Interface</Filter>
    </ClInclude>
    <ClInclude Include="..\Readium\PropertyHolderSubclassDecl.h">
      <Filter>Public Interface</Filter>
    </ClInclude>
    <ClInclude Include="..\Readium\PropertyHolderSubclassImpl.h">
      <Filter>Public Interface</Filter>
    </ClInclude>
    <ClInclude Include="..\Readium\PropertyTypes.h">
      <Filter>Public Interface</Filter>
    </ClInclude>
    <ClInclude Include="..\Readium\Readium.h">
      <Filter>Public Interface</Filter>
    </ClInclude>
    <ClInclude Include="..\Readium\Streams.h">
      <Filter>Public Interface</Filter>
    </ClInclude>
    <ClInclude Include="..\Readium\WinCFI.h">
      <Filter>Public Interface</Filter>
    </ClInclude>
    <ClInclude Include="..\Readium\WinContainer.h">
      <Filter>Public Interface</Filter>
    </ClInclude>
    <ClInclude Include="..\Readium\WinContentModuleManager.h">
      <Filter>Public Interface</Filter>
    </ClInclude>
    <ClInclude Include="..\Readium\WinCredentialRequest.h">
      <Filter>Public Interface</Filter>
    </ClInclude>
    <ClInclude Include="..\Readium\WinEncryptionInfo.h">
      <Filter>Public Interface</Filter>
    </ClInclude>
    <ClInclude Include="..\Readium\WinErrorHandler.h">
      <Filter>Public Interface</Filter>
    </ClInclude>
    <ClInclude Include="..\Readium\WinFilterChain.h">
      <Filter>Public Interface</Filter>
    </ClInclude>
    <ClInclude Include="..\Readium\WinFilterManager.h">
      <Filter>Public Interface</Filter>
    </ClInclude>
    <ClInclude Include="..\Readium\WinInitialization.h">
      <Filter>Public Interface</Filter>
    </ClInclude>
    <ClInclude Include="..\Readium\WinLibrary.h">
      <Filter>Public Interface</Filter>
    </ClInclude>
    <ClInclude Include="..\Readium\WinManifest.h">
      <Filter>Public Interface</Filter>
    </ClInclude>
    <ClInclude Include="..\Readium\WinMediaHandler.h">
      <Filter>Public Interface</Filter>
    </ClInclude>
    <ClInclude Include="..\Readium\WinMediaSupport.h">
      <Filter>Public Interface</Filter>
    </ClInclude>
    <ClInclude Include="..\Readium\WinNavPoint.h">
      <Filter>Public Interface</Filter>
    </ClInclude>
    <ClInclude Include="..\Readium\WinNavTable.h">
      <Filter>Public Interface</Filter>
    </ClInclude>
    <ClInclude Include="..\Readium\WinPackage.h">
      <Filter>Public Interface</Filter>
    </ClInclude>
    <ClInclude Include="..\Readium\WinProperty.h">
      <Filter>Public Interface</Filter>
    </ClInclude>
    <ClInclude Include="..\Readium\WinPropertyExtension.h">
      <Filter>Public Interface</Filter>
    </ClInclude>
    <ClInclude Include="..\Readium\WinSpine.h">
      <Filter>Public Interface</Filter>
    </ClInclude>
    <ClInclude Include="..\..\..\..\ePub3\xml\tree\node_traits.h">
      <Filter>ePub3\xml\tree</Filter>
    </ClInclude>
    <ClInclude Include="..\..\..\..\ePub3\utilities\condition_variable_any.h">
      <Filter>ePub3\utilities</Filter>
    </ClInclude>
    <ClInclude Include="..\..\..\..\ePub3\utilities\future.h">
      <Filter>ePub3\utilities</Filter>
    </ClInclude>
    <ClInclude Include="..\..\..\..\ePub3\utilities\integer_sequence.h">
      <Filter>ePub3\utilities</Filter>
    </ClInclude>
    <ClInclude Include="..\..\..\..\ePub3\utilities\invoke.h">
      <Filter>ePub3\utilities</Filter>
    </ClInclude>
    <ClInclude Include="..\..\..\..\ePub3\utilities\optional.h">
      <Filter>ePub3\utilities</Filter>
    </ClInclude>
    <ClInclude Include="..\..\..\..\ePub3\utilities\string_view.h">
      <Filter>ePub3\utilities</Filter>
    </ClInclude>
    <ClInclude Include="..\Readium\ThreadEmulation.h" />
  </ItemGroup>
  <ItemGroup>
    <ClCompile Include="..\..\..\..\ePub3\ePub\xpath_wrangler.cpp">
      <Filter>ePub3\ePub</Filter>
    </ClCompile>
    <ClCompile Include="..\..\..\..\ePub3\ePub\filter_chain.cpp">
      <Filter>ePub3\ePub\Filters</Filter>
    </ClCompile>
    <ClCompile Include="..\..\..\..\ePub3\ePub\filter_manager.cpp">
      <Filter>ePub3\ePub\Filters</Filter>
    </ClCompile>
    <ClCompile Include="..\..\..\..\ePub3\ePub\filter_manager_impl.cpp">
      <Filter>ePub3\ePub\Filters</Filter>
    </ClCompile>
    <ClCompile Include="..\..\..\..\ePub3\ePub\object_preprocessor.cpp">
      <Filter>ePub3\ePub\Filters\Content Preprocessing</Filter>
    </ClCompile>
    <ClCompile Include="..\..\..\..\ePub3\ePub\switch_preprocessor.cpp">
      <Filter>ePub3\ePub\Filters\Content Preprocessing</Filter>
    </ClCompile>
    <ClCompile Include="..\..\..\..\ePub3\ePub\font_obfuscation.cpp">
      <Filter>ePub3\ePub\Filters\Encryption</Filter>
    </ClCompile>
    <ClCompile Include="..\..\..\..\ePub3\ePub\library.cpp">
      <Filter>ePub3\ePub\Library</Filter>
    </ClCompile>
    <ClCompile Include="..\..\..\..\ePub3\ePub\cfi.cpp">
      <Filter>ePub3\ePub\Components</Filter>
    </ClCompile>
    <ClCompile Include="..\..\..\..\ePub3\ePub\container.cpp">
      <Filter>ePub3\ePub\Components</Filter>
    </ClCompile>
    <ClCompile Include="..\..\..\..\ePub3\ePub\content_handler.cpp">
      <Filter>ePub3\ePub\Components</Filter>
    </ClCompile>
    <ClCompile Include="..\..\..\..\ePub3\ePub\encryption.cpp">
      <Filter>ePub3\ePub\Components</Filter>
    </ClCompile>
    <ClCompile Include="..\..\..\..\ePub3\ePub\initialization.cpp">
      <Filter>ePub3\ePub\Components</Filter>
    </ClCompile>
    <ClCompile Include="..\..\..\..\ePub3\ePub\manifest.cpp">
      <Filter>ePub3\ePub\Components</Filter>
    </ClCompile>
    <ClCompile Include="..\..\..\..\ePub3\ePub\media_support_info.cpp">
      <Filter>ePub3\ePub\Components</Filter>
    </ClCompile>
    <ClCompile Include="..\..\..\..\ePub3\ePub\package.cpp">
      <Filter>ePub3\ePub\Components</Filter>
    </ClCompile>
    <ClCompile Include="..\..\..\..\ePub3\ePub\signatures.cpp">
      <Filter>ePub3\ePub\Components</Filter>
    </ClCompile>
    <ClCompile Include="..\..\..\..\ePub3\ePub\spine.cpp">
      <Filter>ePub3\ePub\Components</Filter>
    </ClCompile>
    <ClCompile Include="..\..\..\..\ePub3\ePub\property.cpp">
      <Filter>ePub3\ePub\Components\Properties</Filter>
    </ClCompile>
    <ClCompile Include="..\..\..\..\ePub3\ePub\property_extension.cpp">
      <Filter>ePub3\ePub\Components\Properties</Filter>
    </ClCompile>
    <ClCompile Include="..\..\..\..\ePub3\ePub\property_holder.cpp">
      <Filter>ePub3\ePub\Components\Properties</Filter>
    </ClCompile>
    <ClCompile Include="..\..\..\..\ePub3\ePub\glossary.cpp">
      <Filter>ePub3\ePub\Components\Navigation</Filter>
    </ClCompile>
    <ClCompile Include="..\..\..\..\ePub3\ePub\nav_point.cpp">
      <Filter>ePub3\ePub\Components\Navigation</Filter>
    </ClCompile>
    <ClCompile Include="..\..\..\..\ePub3\ePub\nav_table.cpp">
      <Filter>ePub3\ePub\Components\Navigation</Filter>
    </ClCompile>
    <ClCompile Include="..\..\..\..\ePub3\ePub\archive.cpp">
      <Filter>ePub3\ePub\Archives</Filter>
    </ClCompile>
    <ClCompile Include="..\..\..\..\ePub3\ePub\archive_xml.cpp">
      <Filter>ePub3\ePub\Archives</Filter>
    </ClCompile>
    <ClCompile Include="..\..\..\..\ePub3\ePub\zip_archive.cpp">
      <Filter>ePub3\ePub\Archives</Filter>
    </ClCompile>
    <ClCompile Include="..\..\..\..\ePub3\ePub\content_module_manager.cpp">
      <Filter>ePub3\ePub\ContentModule</Filter>
    </ClCompile>
    <ClCompile Include="..\..\..\..\ePub3\ePub\credential_request.cpp">
      <Filter>ePub3\ePub\ContentModule</Filter>
    </ClCompile>
    <ClCompile Include="..\..\..\..\ePub3\xml\tree\document_win.cpp">
      <Filter>ePub3\xml\tree</Filter>
    </ClCompile>
    <ClCompile Include="..\..\..\..\ePub3\xml\tree\element_win.cpp">
      <Filter>ePub3\xml\tree</Filter>
    </ClCompile>
    <ClCompile Include="..\..\..\..\ePub3\xml\tree\node_win.cpp">
      <Filter>ePub3\xml\tree</Filter>
    </ClCompile>
    <ClCompile Include="..\..\..\..\ePub3\xml\tree\xpath_win.cpp">
      <Filter>ePub3\xml\tree</Filter>
    </ClCompile>
    <ClCompile Include="..\..\..\..\ePub3\xml\utilities\io_win.cpp">
      <Filter>ePub3\xml\utilities</Filter>
    </ClCompile>
    <ClCompile Include="..\..\..\..\ePub3\utilities\byte_buffer.cpp">
      <Filter>ePub3\utilities</Filter>
    </ClCompile>
    <ClCompile Include="..\..\..\..\ePub3\utilities\byte_stream.cpp">
      <Filter>ePub3\utilities</Filter>
    </ClCompile>
    <ClCompile Include="..\..\..\..\ePub3\utilities\CPUCacheUtils_win.cpp">
      <Filter>ePub3\utilities</Filter>
    </ClCompile>
    <ClCompile Include="..\..\..\..\ePub3\utilities\epub_locale.cpp">
      <Filter>ePub3\utilities</Filter>
    </ClCompile>
    <ClCompile Include="..\..\..\..\ePub3\utilities\error_handler.cpp">
      <Filter>ePub3\utilities</Filter>
    </ClCompile>
    <ClCompile Include="..\..\..\..\ePub3\utilities\executor.cpp">
      <Filter>ePub3\utilities</Filter>
    </ClCompile>
    <ClCompile Include="..\..\..\..\ePub3\utilities\iri.cpp">
      <Filter>ePub3\utilities</Filter>
    </ClCompile>
    <ClCompile Include="..\..\..\..\ePub3\utilities\path_help.cpp">
      <Filter>ePub3\utilities</Filter>
    </ClCompile>
    <ClCompile Include="..\..\..\..\ePub3\utilities\ring_buffer.cpp">
      <Filter>ePub3\utilities</Filter>
    </ClCompile>
    <ClCompile Include="..\..\..\..\ePub3\utilities\run_loop_windows.cpp">
      <Filter>ePub3\utilities</Filter>
    </ClCompile>
    <ClCompile Include="..\..\..\..\ePub3\utilities\utfstring.cpp">
      <Filter>ePub3\utilities</Filter>
    </ClCompile>
    <ClCompile Include="..\..\..\..\ePub3\ThirdParty\google-url\base\string16.cc">
      <Filter>ePub3\ThirdParty\google-url</Filter>
    </ClCompile>
    <ClCompile Include="..\..\..\..\ePub3\ThirdParty\google-url\src\gurl.cc">
      <Filter>ePub3\ThirdParty\google-url</Filter>
    </ClCompile>
    <ClCompile Include="..\..\..\..\ePub3\ThirdParty\google-url\src\url_canon_cpp11.cc">
      <Filter>ePub3\ThirdParty\google-url</Filter>
    </ClCompile>
    <ClCompile Include="..\..\..\..\ePub3\ThirdParty\google-url\src\url_canon_etc.cc">
      <Filter>ePub3\ThirdParty\google-url</Filter>
    </ClCompile>
    <ClCompile Include="..\..\..\..\ePub3\ThirdParty\google-url\src\url_canon_filesystemurl.cc">
      <Filter>ePub3\ThirdParty\google-url</Filter>
    </ClCompile>
    <ClCompile Include="..\..\..\..\ePub3\ThirdParty\google-url\src\url_canon_fileurl.cc">
      <Filter>ePub3\ThirdParty\google-url</Filter>
    </ClCompile>
    <ClCompile Include="..\..\..\..\ePub3\ThirdParty\google-url\src\url_canon_host.cc">
      <Filter>ePub3\ThirdParty\google-url</Filter>
    </ClCompile>
    <ClCompile Include="..\..\..\..\ePub3\ThirdParty\google-url\src\url_canon_internal.cc">
      <Filter>ePub3\ThirdParty\google-url</Filter>
    </ClCompile>
    <ClCompile Include="..\..\..\..\ePub3\ThirdParty\google-url\src\url_canon_ip.cc">
      <Filter>ePub3\ThirdParty\google-url</Filter>
    </ClCompile>
    <ClCompile Include="..\..\..\..\ePub3\ThirdParty\google-url\src\url_canon_mailtourl.cc">
      <Filter>ePub3\ThirdParty\google-url</Filter>
    </ClCompile>
    <ClCompile Include="..\..\..\..\ePub3\ThirdParty\google-url\src\url_canon_path.cc">
      <Filter>ePub3\ThirdParty\google-url</Filter>
    </ClCompile>
    <ClCompile Include="..\..\..\..\ePub3\ThirdParty\google-url\src\url_canon_pathurl.cc">
      <Filter>ePub3\ThirdParty\google-url</Filter>
    </ClCompile>
    <ClCompile Include="..\..\..\..\ePub3\ThirdParty\google-url\src\url_canon_query.cc">
      <Filter>ePub3\ThirdParty\google-url</Filter>
    </ClCompile>
    <ClCompile Include="..\..\..\..\ePub3\ThirdParty\google-url\src\url_canon_relative.cc">
      <Filter>ePub3\ThirdParty\google-url</Filter>
    </ClCompile>
    <ClCompile Include="..\..\..\..\ePub3\ThirdParty\google-url\src\url_canon_stdurl.cc">
      <Filter>ePub3\ThirdParty\google-url</Filter>
    </ClCompile>
    <ClCompile Include="..\..\..\..\ePub3\ThirdParty\google-url\src\url_parse.cc">
      <Filter>ePub3\ThirdParty\google-url</Filter>
    </ClCompile>
    <ClCompile Include="..\..\..\..\ePub3\ThirdParty\google-url\src\url_parse_file.cc">
      <Filter>ePub3\ThirdParty\google-url</Filter>
    </ClCompile>
    <ClCompile Include="..\..\..\..\ePub3\ThirdParty\google-url\src\url_util.cc">
      <Filter>ePub3\ThirdParty\google-url</Filter>
    </ClCompile>
    <ClCompile Include="..\..\..\..\ePub3\ThirdParty\libzip\mkstemp.c">
      <Filter>ePub3\ThirdParty\libzip</Filter>
    </ClCompile>
    <ClCompile Include="..\..\..\..\ePub3\ThirdParty\libzip\zip_add.c">
      <Filter>ePub3\ThirdParty\libzip</Filter>
    </ClCompile>
    <ClCompile Include="..\..\..\..\ePub3\ThirdParty\libzip\zip_add_dir.c">
      <Filter>ePub3\ThirdParty\libzip</Filter>
    </ClCompile>
    <ClCompile Include="..\..\..\..\ePub3\ThirdParty\libzip\zip_close.c">
      <Filter>ePub3\ThirdParty\libzip</Filter>
    </ClCompile>
    <ClCompile Include="..\..\..\..\ePub3\ThirdParty\libzip\zip_delete.c">
      <Filter>ePub3\ThirdParty\libzip</Filter>
    </ClCompile>
    <ClCompile Include="..\..\..\..\ePub3\ThirdParty\libzip\zip_dirent.c">
      <Filter>ePub3\ThirdParty\libzip</Filter>
    </ClCompile>
    <ClCompile Include="..\..\..\..\ePub3\ThirdParty\libzip\zip_entry_free.c">
      <Filter>ePub3\ThirdParty\libzip</Filter>
    </ClCompile>
    <ClCompile Include="..\..\..\..\ePub3\ThirdParty\libzip\zip_entry_new.c">
      <Filter>ePub3\ThirdParty\libzip</Filter>
    </ClCompile>
    <ClCompile Include="..\..\..\..\ePub3\ThirdParty\libzip\zip_error.c">
      <Filter>ePub3\ThirdParty\libzip</Filter>
    </ClCompile>
    <ClCompile Include="..\..\..\..\ePub3\ThirdParty\libzip\zip_error_clear.c">
      <Filter>ePub3\ThirdParty\libzip</Filter>
    </ClCompile>
    <ClCompile Include="..\..\..\..\ePub3\ThirdParty\libzip\zip_error_get.c">
      <Filter>ePub3\ThirdParty\libzip</Filter>
    </ClCompile>
    <ClCompile Include="..\..\..\..\ePub3\ThirdParty\libzip\zip_error_get_sys_type.c">
      <Filter>ePub3\ThirdParty\libzip</Filter>
    </ClCompile>
    <ClCompile Include="..\..\..\..\ePub3\ThirdParty\libzip\zip_error_strerror.c">
      <Filter>ePub3\ThirdParty\libzip</Filter>
    </ClCompile>
    <ClCompile Include="..\..\..\..\ePub3\ThirdParty\libzip\zip_error_to_str.c">
      <Filter>ePub3\ThirdParty\libzip</Filter>
    </ClCompile>
    <ClCompile Include="..\..\..\..\ePub3\ThirdParty\libzip\zip_err_str.c">
      <Filter>ePub3\ThirdParty\libzip</Filter>
    </ClCompile>
    <ClCompile Include="..\..\..\..\ePub3\ThirdParty\libzip\zip_fclose.c">
      <Filter>ePub3\ThirdParty\libzip</Filter>
    </ClCompile>
    <ClCompile Include="..\..\..\..\ePub3\ThirdParty\libzip\zip_filerange_crc.c">
      <Filter>ePub3\ThirdParty\libzip</Filter>
    </ClCompile>
    <ClCompile Include="..\..\..\..\ePub3\ThirdParty\libzip\zip_file_error_clear.c">
      <Filter>ePub3\ThirdParty\libzip</Filter>
    </ClCompile>
    <ClCompile Include="..\..\..\..\ePub3\ThirdParty\libzip\zip_file_error_get.c">
      <Filter>ePub3\ThirdParty\libzip</Filter>
    </ClCompile>
    <ClCompile Include="..\..\..\..\ePub3\ThirdParty\libzip\zip_file_get_offset.c">
      <Filter>ePub3\ThirdParty\libzip</Filter>
    </ClCompile>
    <ClCompile Include="..\..\..\..\ePub3\ThirdParty\libzip\zip_file_strerror.c">
      <Filter>ePub3\ThirdParty\libzip</Filter>
    </ClCompile>
    <ClCompile Include="..\..\..\..\ePub3\ThirdParty\libzip\zip_fopen.c">
      <Filter>ePub3\ThirdParty\libzip</Filter>
    </ClCompile>
    <ClCompile Include="..\..\..\..\ePub3\ThirdParty\libzip\zip_fopen_index.c">
      <Filter>ePub3\ThirdParty\libzip</Filter>
    </ClCompile>
    <ClCompile Include="..\..\..\..\ePub3\ThirdParty\libzip\zip_fread.c">
      <Filter>ePub3\ThirdParty\libzip</Filter>
    </ClCompile>
    <ClCompile Include="..\..\..\..\ePub3\ThirdParty\libzip\zip_free.c">
      <Filter>ePub3\ThirdParty\libzip</Filter>
    </ClCompile>
    <ClCompile Include="..\..\..\..\ePub3\ThirdParty\libzip\zip_fseek.c">
      <Filter>ePub3\ThirdParty\libzip</Filter>
    </ClCompile>
    <ClCompile Include="..\..\..\..\ePub3\ThirdParty\libzip\zip_ftell.c">
      <Filter>ePub3\ThirdParty\libzip</Filter>
    </ClCompile>
    <ClCompile Include="..\..\..\..\ePub3\ThirdParty\libzip\zip_get_archive_comment.c">
      <Filter>ePub3\ThirdParty\libzip</Filter>
    </ClCompile>
    <ClCompile Include="..\..\..\..\ePub3\ThirdParty\libzip\zip_get_archive_flag.c">
      <Filter>ePub3\ThirdParty\libzip</Filter>
    </ClCompile>
    <ClCompile Include="..\..\..\..\ePub3\ThirdParty\libzip\zip_get_file_comment.c">
      <Filter>ePub3\ThirdParty\libzip</Filter>
    </ClCompile>
    <ClCompile Include="..\..\..\..\ePub3\ThirdParty\libzip\zip_get_name.c">
      <Filter>ePub3\ThirdParty\libzip</Filter>
    </ClCompile>
    <ClCompile Include="..\..\..\..\ePub3\ThirdParty\libzip\zip_get_num_files.c">
      <Filter>ePub3\ThirdParty\libzip</Filter>
    </ClCompile>
    <ClCompile Include="..\..\..\..\ePub3\ThirdParty\libzip\zip_memdup.c">
      <Filter>ePub3\ThirdParty\libzip</Filter>
    </ClCompile>
    <ClCompile Include="..\..\..\..\ePub3\ThirdParty\libzip\zip_name_locate.c">
      <Filter>ePub3\ThirdParty\libzip</Filter>
    </ClCompile>
    <ClCompile Include="..\..\..\..\ePub3\ThirdParty\libzip\zip_new.c">
      <Filter>ePub3\ThirdParty\libzip</Filter>
    </ClCompile>
    <ClCompile Include="..\..\..\..\ePub3\ThirdParty\libzip\zip_open.c">
      <Filter>ePub3\ThirdParty\libzip</Filter>
    </ClCompile>
    <ClCompile Include="..\..\..\..\ePub3\ThirdParty\libzip\zip_rename.c">
      <Filter>ePub3\ThirdParty\libzip</Filter>
    </ClCompile>
    <ClCompile Include="..\..\..\..\ePub3\ThirdParty\libzip\zip_replace.c">
      <Filter>ePub3\ThirdParty\libzip</Filter>
    </ClCompile>
    <ClCompile Include="..\..\..\..\ePub3\ThirdParty\libzip\zip_set_archive_comment.c">
      <Filter>ePub3\ThirdParty\libzip</Filter>
    </ClCompile>
    <ClCompile Include="..\..\..\..\ePub3\ThirdParty\libzip\zip_set_archive_flag.c">
      <Filter>ePub3\ThirdParty\libzip</Filter>
    </ClCompile>
    <ClCompile Include="..\..\..\..\ePub3\ThirdParty\libzip\zip_set_file_comment.c">
      <Filter>ePub3\ThirdParty\libzip</Filter>
    </ClCompile>
    <ClCompile Include="..\..\..\..\ePub3\ThirdParty\libzip\zip_set_name.c">
      <Filter>ePub3\ThirdParty\libzip</Filter>
    </ClCompile>
    <ClCompile Include="..\..\..\..\ePub3\ThirdParty\libzip\zip_source_buffer.c">
      <Filter>ePub3\ThirdParty\libzip</Filter>
    </ClCompile>
    <ClCompile Include="..\..\..\..\ePub3\ThirdParty\libzip\zip_source_file.c">
      <Filter>ePub3\ThirdParty\libzip</Filter>
    </ClCompile>
    <ClCompile Include="..\..\..\..\ePub3\ThirdParty\libzip\zip_source_filep.c">
      <Filter>ePub3\ThirdParty\libzip</Filter>
    </ClCompile>
    <ClCompile Include="..\..\..\..\ePub3\ThirdParty\libzip\zip_source_free.c">
      <Filter>ePub3\ThirdParty\libzip</Filter>
    </ClCompile>
    <ClCompile Include="..\..\..\..\ePub3\ThirdParty\libzip\zip_source_function.c">
      <Filter>ePub3\ThirdParty\libzip</Filter>
    </ClCompile>
    <ClCompile Include="..\..\..\..\ePub3\ThirdParty\libzip\zip_source_zip.c">
      <Filter>ePub3\ThirdParty\libzip</Filter>
    </ClCompile>
    <ClCompile Include="..\..\..\..\ePub3\ThirdParty\libzip\zip_stat.c">
      <Filter>ePub3\ThirdParty\libzip</Filter>
    </ClCompile>
    <ClCompile Include="..\..\..\..\ePub3\ThirdParty\libzip\zip_stat_index.c">
      <Filter>ePub3\ThirdParty\libzip</Filter>
    </ClCompile>
    <ClCompile Include="..\..\..\..\ePub3\ThirdParty\libzip\zip_stat_init.c">
      <Filter>ePub3\ThirdParty\libzip</Filter>
    </ClCompile>
    <ClCompile Include="..\..\..\..\ePub3\ThirdParty\libzip\zip_strerror.c">
      <Filter>ePub3\ThirdParty\libzip</Filter>
    </ClCompile>
    <ClCompile Include="..\..\..\..\ePub3\ThirdParty\libzip\zip_unchange.c">
      <Filter>ePub3\ThirdParty\libzip</Filter>
    </ClCompile>
    <ClCompile Include="..\..\..\..\ePub3\ThirdParty\libzip\zip_unchange_all.c">
      <Filter>ePub3\ThirdParty\libzip</Filter>
    </ClCompile>
    <ClCompile Include="..\..\..\..\ePub3\ThirdParty\libzip\zip_unchange_archive.c">
      <Filter>ePub3\ThirdParty\libzip</Filter>
    </ClCompile>
    <ClCompile Include="..\..\..\..\ePub3\ThirdParty\libzip\zip_unchange_data.c">
      <Filter>ePub3\ThirdParty\libzip</Filter>
    </ClCompile>
    <ClCompile Include="..\Readium\PluginMaps.cpp">
      <Filter>Public Interface</Filter>
    </ClCompile>
    <ClCompile Include="..\Readium\Streams.cpp">
      <Filter>Public Interface</Filter>
    </ClCompile>
    <ClCompile Include="..\Readium\WinCFI.cpp">
      <Filter>Public Interface</Filter>
    </ClCompile>
    <ClCompile Include="..\Readium\WinContainer.cpp">
      <Filter>Public Interface</Filter>
    </ClCompile>
    <ClCompile Include="..\Readium\WinContentModuleManager.cpp">
      <Filter>Public Interface</Filter>
    </ClCompile>
    <ClCompile Include="..\Readium\WinCredentialRequest.cpp">
      <Filter>Public Interface</Filter>
    </ClCompile>
    <ClCompile Include="..\Readium\WinEncryptionInfo.cpp">
      <Filter>Public Interface</Filter>
    </ClCompile>
    <ClCompile Include="..\Readium\WinErrorHandler.cpp">
      <Filter>Public Interface</Filter>
    </ClCompile>
    <ClCompile Include="..\Readium\WinFilterChain.cpp">
      <Filter>Public Interface</Filter>
    </ClCompile>
    <ClCompile Include="..\Readium\WinFilterManager.cpp">
      <Filter>Public Interface</Filter>
    </ClCompile>
    <ClCompile Include="..\Readium\WinInitialization.cpp">
      <Filter>Public Interface</Filter>
    </ClCompile>
    <ClCompile Include="..\Readium\WinLibrary.cpp">
      <Filter>Public Interface</Filter>
    </ClCompile>
    <ClCompile Include="..\Readium\WinManifest.cpp">
      <Filter>Public Interface</Filter>
    </ClCompile>
    <ClCompile Include="..\Readium\WinMediaHandler.cpp">
      <Filter>Public Interface</Filter>
    </ClCompile>
    <ClCompile Include="..\Readium\WinMediaSupport.cpp">
      <Filter>Public Interface</Filter>
    </ClCompile>
    <ClCompile Include="..\Readium\WinNavPoint.cpp">
      <Filter>Public Interface</Filter>
    </ClCompile>
    <ClCompile Include="..\Readium\WinNavTable.cpp">
      <Filter>Public Interface</Filter>
    </ClCompile>
    <ClCompile Include="..\Readium\WinPackage.cpp">
      <Filter>Public Interface</Filter>
    </ClCompile>
    <ClCompile Include="..\Readium\WinProperty.cpp">
      <Filter>Public Interface</Filter>
    </ClCompile>
    <ClCompile Include="..\Readium\WinPropertyExtension.cpp">
      <Filter>Public Interface</Filter>
    </ClCompile>
    <ClCompile Include="..\Readium\WinSpine.cpp">
      <Filter>Public Interface</Filter>
    </ClCompile>
    <ClCompile Include="..\..\..\..\ePub3\utilities\future.cpp">
      <Filter>ePub3\utilities</Filter>
    </ClCompile>
    <ClCompile Include="..\..\..\..\ePub3\utilities\optional.cpp">
      <Filter>ePub3\utilities</Filter>
    </ClCompile>
    <ClCompile Include="..\Readium\ThreadEmulation.cpp" />
  </ItemGroup>
  <ItemGroup>
    <None Include="..\..\..\..\ePub3\utilities\utfstringspec.inl">
      <Filter>ePub3\utilities</Filter>
    </None>
  </ItemGroup>
</Project>