<?xml version="1.0" encoding="utf-8"?>
<Project ToolsVersion="4.0" xmlns="http://schemas.microsoft.com/developer/msbuild/2003">
  <ItemGroup>
    <Filter Include="Source Files">
      <UniqueIdentifier>{4FC737F1-C7A5-4376-A066-2A32D752A2FF}</UniqueIdentifier>
      <Extensions>cpp;c;cc;cxx;def;odl;idl;hpj;bat;asm;asmx</Extensions>
    </Filter>
    <Filter Include="Resource Files">
      <UniqueIdentifier>{67DA6AB6-F800-4c08-8B7A-83BB121AAD01}</UniqueIdentifier>
      <Extensions>rc;ico;cur;bmp;dlg;rc2;rct;bin;rgs;gif;jpg;jpeg;jpe;resx;tiff;tif;png;wav;mfcribbon-ms</Extensions>
    </Filter>
    <Filter Include="Source Files\xml">
      <UniqueIdentifier>{afa645f5-2d31-49e2-85f0-2fa15012e244}</UniqueIdentifier>
    </Filter>
    <Filter Include="Source Files\xml\utilities">
      <UniqueIdentifier>{d75aec3e-6138-4f03-a72e-c61c820da48c}</UniqueIdentifier>
    </Filter>
    <Filter Include="Source Files\xml\tree">
      <UniqueIdentifier>{e272d31a-ccf9-4c62-adfe-e58dd60d3009}</UniqueIdentifier>
    </Filter>
    <Filter Include="Source Files\xml\validation">
      <UniqueIdentifier>{d49d9ad5-0d07-48ca-aa55-2c97922147b1}</UniqueIdentifier>
    </Filter>
    <Filter Include="Source Files\utilities">
      <UniqueIdentifier>{094bac38-d3f5-4631-8371-a1c62b373e97}</UniqueIdentifier>
    </Filter>
    <Filter Include="Source Files\ePub">
      <UniqueIdentifier>{07d6c06d-10a0-4527-8e68-c17579021edf}</UniqueIdentifier>
    </Filter>
    <Filter Include="Source Files\ePub\filters">
      <UniqueIdentifier>{5d940eab-d1ac-41e6-a93c-ae879e6f3e9d}</UniqueIdentifier>
    </Filter>
    <Filter Include="Source Files\ePub\filters\encrpytion">
      <UniqueIdentifier>{34a6dd0d-6bad-43ec-97b8-b04a5a3012f6}</UniqueIdentifier>
    </Filter>
    <Filter Include="Source Files\ePub\filters\content preprocessing">
      <UniqueIdentifier>{f1194f5b-a1ad-4989-b752-df56e26108c4}</UniqueIdentifier>
    </Filter>
    <Filter Include="Source Files\ePub\library">
      <UniqueIdentifier>{d191bace-f94d-4ff3-b99c-30d367f159dd}</UniqueIdentifier>
    </Filter>
    <Filter Include="Source Files\ePub\components">
      <UniqueIdentifier>{3fd56628-c13c-4451-9d60-0af975645dc0}</UniqueIdentifier>
    </Filter>
    <Filter Include="Source Files\ePub\components\navigation">
      <UniqueIdentifier>{4a0c3adc-86a0-40d4-bcd4-25545973e941}</UniqueIdentifier>
    </Filter>
    <Filter Include="Source Files\ePub\archives">
      <UniqueIdentifier>{71aedce8-b6a4-404f-aeb0-dd44e23b3223}</UniqueIdentifier>
    </Filter>
  </ItemGroup>
  <ItemGroup>
    <ClCompile Include="..\..\..\ePub3\xml\validation\c14n.cpp">
      <Filter>Source Files\xml\validation</Filter>
    </ClCompile>
    <ClCompile Include="..\..\..\ePub3\xml\tree\document.cpp">
      <Filter>Source Files\xml\tree</Filter>
    </ClCompile>
    <ClCompile Include="..\..\..\ePub3\xml\tree\element.cpp">
      <Filter>Source Files\xml\tree</Filter>
    </ClCompile>
    <ClCompile Include="..\..\..\ePub3\xml\tree\node.cpp">
      <Filter>Source Files\xml\tree</Filter>
    </ClCompile>
    <ClCompile Include="..\..\..\ePub3\xml\validation\ns.cpp">
      <Filter>Source Files\xml\validation</Filter>
    </ClCompile>
    <ClCompile Include="..\..\..\ePub3\xml\validation\schema.cpp">
      <Filter>Source Files\xml\validation</Filter>
    </ClCompile>
    <ClCompile Include="..\..\..\ePub3\xml\tree\xpath.cpp">
      <Filter>Source Files\xml\tree</Filter>
    </ClCompile>
    <ClCompile Include="..\..\..\ePub3\xml\utilities\base.cpp">
      <Filter>Source Files\xml\utilities</Filter>
    </ClCompile>
    <ClCompile Include="..\..\..\ePub3\xml\utilities\io.cpp">
      <Filter>Source Files\xml\utilities</Filter>
    </ClCompile>
    <ClCompile Include="..\..\..\ePub3\utilities\byte_stream.cpp">
      <Filter>Source Files\utilities</Filter>
    </ClCompile>
    <ClCompile Include="..\..\..\ePub3\utilities\iri.cpp">
      <Filter>Source Files\utilities</Filter>
    </ClCompile>
    <ClCompile Include="..\..\..\ePub3\utilities\ring_buffer.cpp">
      <Filter>Source Files\utilities</Filter>
    </ClCompile>
    <ClCompile Include="..\..\..\ePub3\utilities\run_loop_windows.cpp">
      <Filter>Source Files\utilities</Filter>
    </ClCompile>
    <ClCompile Include="..\..\..\ePub3\utilities\utfstring.cpp">
      <Filter>Source Files\utilities</Filter>
    </ClCompile>
    <ClCompile Include="..\..\..\ePub3\ePub\object_preprocessor.cpp">
      <Filter>Source Files\ePub\filters\content preprocessing</Filter>
    </ClCompile>
    <ClCompile Include="..\..\..\ePub3\ePub\switch_preprocessor.cpp">
      <Filter>Source Files\ePub\filters\content preprocessing</Filter>
    </ClCompile>
    <ClCompile Include="..\..\..\ePub3\ePub\font_obfuscation.cpp">
      <Filter>Source Files\ePub\filters\encrpytion</Filter>
    </ClCompile>
    <ClCompile Include="..\..\..\ePub3\ePub\library.cpp">
      <Filter>Source Files\ePub\library</Filter>
    </ClCompile>
    <ClCompile Include="..\..\..\ePub3\ePub\glossary.cpp">
      <Filter>Source Files\ePub\components\navigation</Filter>
    </ClCompile>
    <ClCompile Include="..\..\..\ePub3\ePub\nav_point.cpp">
      <Filter>Source Files\ePub\components\navigation</Filter>
    </ClCompile>
    <ClCompile Include="..\..\..\ePub3\ePub\nav_table.cpp">
      <Filter>Source Files\ePub\components\navigation</Filter>
    </ClCompile>
    <ClCompile Include="..\..\..\ePub3\ePub\cfi.cpp">
      <Filter>Source Files\ePub\components</Filter>
    </ClCompile>
    <ClCompile Include="..\..\..\ePub3\ePub\container.cpp">
      <Filter>Source Files\ePub\components</Filter>
    </ClCompile>
    <ClCompile Include="..\..\..\ePub3\ePub\content_handler.cpp">
      <Filter>Source Files\ePub\components</Filter>
    </ClCompile>
    <ClCompile Include="..\..\..\ePub3\ePub\encryption.cpp">
      <Filter>Source Files\ePub\components</Filter>
    </ClCompile>
    <ClCompile Include="..\..\..\ePub3\ePub\manifest.cpp">
      <Filter>Source Files\ePub\components</Filter>
    </ClCompile>
    <ClCompile Include="..\..\..\ePub3\ePub\media_support_info.cpp">
      <Filter>Source Files\ePub\components</Filter>
    </ClCompile>
    <ClCompile Include="..\..\..\ePub3\ePub\metadata.cpp">
      <Filter>Source Files\ePub\components</Filter>
    </ClCompile>
    <ClCompile Include="..\..\..\ePub3\ePub\package.cpp">
      <Filter>Source Files\ePub\components</Filter>
    </ClCompile>
    <ClCompile Include="..\..\..\ePub3\ePub\signatures.cpp">
      <Filter>Source Files\ePub\components</Filter>
    </ClCompile>
    <ClCompile Include="..\..\..\ePub3\ePub\spine.cpp">
      <Filter>Source Files\ePub\components</Filter>
    </ClCompile>
    <ClCompile Include="..\..\..\ePub3\ePub\xpath_wrangler.cpp">
      <Filter>Source Files\ePub\components</Filter>
    </ClCompile>
    <ClCompile Include="..\..\..\ePub3\ePub\archive.cpp">
      <Filter>Source Files\ePub\archives</Filter>
    </ClCompile>
    <ClCompile Include="..\..\..\ePub3\ePub\archive_xml.cpp">
      <Filter>Source Files\ePub\archives</Filter>
    </ClCompile>
    <ClCompile Include="..\..\..\ePub3\ePub\zip_archive.cpp">
      <Filter>Source Files\ePub\archives</Filter>
    </ClCompile>
  </ItemGroup>
  <ItemGroup>
    <ClInclude Include="..\..\..\ePub3\xml\validation\c14n.h">
      <Filter>Source Files\xml\validation</Filter>
    </ClInclude>
    <ClInclude Include="..\..\..\ePub3\xml\validation\dtd.h">
      <Filter>Source Files\xml\validation</Filter>
    </ClInclude>
    <ClInclude Include="..\..\..\ePub3\xml\validation\ns.h">
      <Filter>Source Files\xml\validation</Filter>
    </ClInclude>
    <ClInclude Include="..\..\..\ePub3\xml\validation\schema.h">
      <Filter>Source Files\xml\validation</Filter>
    </ClInclude>
    <ClInclude Include="..\..\..\ePub3\xml\tree\document.h">
      <Filter>Source Files\xml\tree</Filter>
    </ClInclude>
    <ClInclude Include="..\..\..\ePub3\xml\tree\element.h">
      <Filter>Source Files\xml\tree</Filter>
    </ClInclude>
    <ClInclude Include="..\..\..\ePub3\xml\tree\node.h">
      <Filter>Source Files\xml\tree</Filter>
    </ClInclude>
    <ClInclude Include="..\..\..\ePub3\xml\tree\xpath.h">
      <Filter>Source Files\xml\tree</Filter>
    </ClInclude>
    <ClInclude Include="..\..\..\ePub3\xml\utilities\base.h">
      <Filter>Source Files\xml\utilities</Filter>
    </ClInclude>
    <ClInclude Include="..\..\..\ePub3\xml\utilities\io.h">
      <Filter>Source Files\xml\utilities</Filter>
    </ClInclude>
    <ClInclude Include="..\..\..\ePub3\utilities\alphanum.hpp">
      <Filter>Source Files\utilities</Filter>
    </ClInclude>
    <ClInclude Include="..\..\..\ePub3\utilities\basic.h">
      <Filter>Source Files\utilities</Filter>
    </ClInclude>
    <ClInclude Include="..\..\..\ePub3\utilities\byte_stream.h">
      <Filter>Source Files\utilities</Filter>
    </ClInclude>
    <ClInclude Include="..\..\..\ePub3\utilities\iri.h">
      <Filter>Source Files\utilities</Filter>
    </ClInclude>
    <ClInclude Include="..\..\..\ePub3\utilities\ref_counted.h">
      <Filter>Source Files\utilities</Filter>
    </ClInclude>
    <ClInclude Include="..\..\..\ePub3\utilities\ring_buffer.h">
      <Filter>Source Files\utilities</Filter>
    </ClInclude>
    <ClInclude Include="..\..\..\ePub3\utilities\run_loop.h">
      <Filter>Source Files\utilities</Filter>
    </ClInclude>
    <ClInclude Include="..\..\..\ePub3\utilities\utfstring.h">
      <Filter>Source Files\utilities</Filter>
    </ClInclude>
    <ClInclude Include="..\..\..\ePub3\ePub\object_preprocessor.h">
      <Filter>Source Files\ePub\filters\content preprocessing</Filter>
    </ClInclude>
    <ClInclude Include="..\..\..\ePub3\ePub\switch_preprocessor.h">
      <Filter>Source Files\ePub\filters\content preprocessing</Filter>
    </ClInclude>
    <ClInclude Include="..\..\..\ePub3\ePub\font_obfuscation.h">
      <Filter>Source Files\ePub\filters\encrpytion</Filter>
    </ClInclude>
    <ClInclude Include="..\..\..\ePub3\ePub\filter.h">
      <Filter>Source Files\ePub\filters</Filter>
    </ClInclude>
    <ClInclude Include="..\..\..\ePub3\ePub\library.h">
      <Filter>Source Files\ePub\library</Filter>
    </ClInclude>
    <ClInclude Include="..\..\..\ePub3\ePub\glossary.h">
      <Filter>Source Files\ePub\components\navigation</Filter>
    </ClInclude>
    <ClInclude Include="..\..\..\ePub3\ePub\nav_element.h">
      <Filter>Source Files\ePub\components\navigation</Filter>
    </ClInclude>
    <ClInclude Include="..\..\..\ePub3\ePub\nav_point.h">
      <Filter>Source Files\ePub\components\navigation</Filter>
    </ClInclude>
    <ClInclude Include="..\..\..\ePub3\ePub\nav_table.h">
      <Filter>Source Files\ePub\components\navigation</Filter>
    </ClInclude>
    <ClInclude Include="..\..\..\ePub3\ePub\cfi.h">
      <Filter>Source Files\ePub\components</Filter>
    </ClInclude>
    <ClInclude Include="..\..\..\ePub3\ePub\container.h">
      <Filter>Source Files\ePub\components</Filter>
    </ClInclude>
    <ClInclude Include="..\..\..\ePub3\ePub\content_handler.h">
      <Filter>Source Files\ePub\components</Filter>
    </ClInclude>
    <ClInclude Include="..\..\..\ePub3\ePub\encryption.h">
      <Filter>Source Files\ePub\components</Filter>
    </ClInclude>
    <ClInclude Include="..\..\..\ePub3\ePub\manifest.h">
      <Filter>Source Files\ePub\components</Filter>
    </ClInclude>
    <ClInclude Include="..\..\..\ePub3\ePub\media_support_info.h">
      <Filter>Source Files\ePub\components</Filter>
    </ClInclude>
    <ClInclude Include="..\..\..\ePub3\ePub\metadata.h">
      <Filter>Source Files\ePub\components</Filter>
    </ClInclude>
    <ClInclude Include="..\..\..\ePub3\ePub\package.h">
      <Filter>Source Files\ePub\components</Filter>
    </ClInclude>
    <ClInclude Include="..\..\..\ePub3\ePub\signatures.h">
      <Filter>Source Files\ePub\components</Filter>
    </ClInclude>
    <ClInclude Include="..\..\..\ePub3\ePub\spine.h">
      <Filter>Source Files\ePub\components</Filter>
    </ClInclude>
    <ClInclude Include="..\..\..\ePub3\ePub\xpath_wrangler.h">
      <Filter>Source Files\ePub\components</Filter>
    </ClInclude>
    <ClInclude Include="..\..\..\ePub3\ePub\archive.h">
      <Filter>Source Files\ePub\archives</Filter>
    </ClInclude>
    <ClInclude Include="..\..\..\ePub3\ePub\archive_xml.h">
      <Filter>Source Files\ePub\archives</Filter>
    </ClInclude>
    <ClInclude Include="..\..\..\ePub3\ePub\zip_archive.h">
      <Filter>Source Files\ePub\archives</Filter>
    </ClInclude>
    <ClInclude Include="..\..\..\ePub3\ePub\epub3.h">
      <Filter>Source Files\ePub</Filter>
    </ClInclude>
    <ClInclude Include="..\..\..\ePub3\_compiler.h">
      <Filter>Source Files</Filter>
    </ClInclude>
    <ClInclude Include="..\..\..\ePub3\_config.h">
      <Filter>Source Files</Filter>
    </ClInclude>
    <ClInclude Include="..\..\..\ePub3\_platform.h">
      <Filter>Source Files</Filter>
    </ClInclude>
    <ClInclude Include="..\..\..\ePub3\base.h">
      <Filter>Source Files</Filter>
    </ClInclude>
  </ItemGroup>
</Project>