
Microsoft Visual Studio Solution File, Format Version 12.00
# Visual Studio 2013
VisualStudioVersion = 12.0.20827.3
MinimumVisualStudioVersion = 10.0.40219.1
Project("{8BC9CEB8-8B4A-11D0-8D11-00A0C91BC942}") = "ReadiumXML", "ReadiumXML\ReadiumXML.vcxproj", "{B437F038-345F-40D4-9F0D-B157B7E5ED90}"
EndProject
Global
	GlobalSection(SolutionConfigurationPlatforms) = preSolution
		Debug|ARM = Debug|ARM
		Debug|Win32 = Debug|Win32
		Debug|x64 = Debug|x64
		Release|ARM = Release|ARM
		Release|Win32 = Release|Win32
		Release|x64 = Release|x64
	EndGlobalSection
	GlobalSection(ProjectConfigurationPlatforms) = postSolution
		{B437F038-345F-40D4-9F0D-B157B7E5ED90}.Debug|ARM.ActiveCfg = Debug|ARM
		{B437F038-345F-40D4-9F0D-B157B7E5ED90}.Debug|ARM.Build.0 = Debug|ARM
		{B437F038-345F-40D4-9F0D-B157B7E5ED90}.Debug|Win32.ActiveCfg = Debug|Win32
		{B437F038-345F-40D4-9F0D-B157B7E5ED90}.Debug|Win32.Build.0 = Debug|Win32
		{B437F038-345F-40D4-9F0D-B157B7E5ED90}.Debug|x64.ActiveCfg = Debug|x64
		{B437F038-345F-40D4-9F0D-B157B7E5ED90}.Debug|x64.Build.0 = Debug|x64
		{B437F038-345F-40D4-9F0D-B157B7E5ED90}.Release|ARM.ActiveCfg = Release|ARM
		{B437F038-345F-40D4-9F0D-B157B7E5ED90}.Release|ARM.Build.0 = Release|ARM
		{B437F038-345F-40D4-9F0D-B157B7E5ED90}.Release|Win32.ActiveCfg = Release|Win32
		{B437F038-345F-40D4-9F0D-B157B7E5ED90}.Release|Win32.Build.0 = Release|Win32
		{B437F038-345F-40D4-9F0D-B157B7E5ED90}.Release|x64.ActiveCfg = Release|x64
		{B437F038-345F-40D4-9F0D-B157B7E5ED90}.Release|x64.Build.0 = Release|x64
	EndGlobalSection
	GlobalSection(SolutionProperties) = preSolution
		HideSolutionNode = FALSE
	EndGlobalSection
EndGlobal
