<?xml version="1.0" encoding="utf-8"?>
<Project ToolsVersion="4.0" xmlns="http://schemas.microsoft.com/developer/msbuild/2003">
  <ItemGroup>
    <Filter Include="Source Files">
      <UniqueIdentifier>{4FC737F1-C7A5-4376-A066-2A32D752A2FF}</UniqueIdentifier>
      <Extensions>cpp;c;cc;cxx;def;odl;idl;hpj;bat;asm;asmx</Extensions>
    </Filter>
    <Filter Include="Resource Files">
      <UniqueIdentifier>{67DA6AB6-F800-4c08-8B7A-83BB121AAD01}</UniqueIdentifier>
      <Extensions>rc;ico;cur;bmp;dlg;rc2;rct;bin;rgs;gif;jpg;jpeg;jpe;resx;tiff;tif;png;wav;mfcribbon-ms</Extensions>
    </Filter>
    <Filter Include="Supporting Files">
      <UniqueIdentifier>{93995380-89BD-4b04-88EB-625FBE52EBFB}</UniqueIdentifier>
      <Extensions>h;hpp;hxx;hm;inl;inc;xsd</Extensions>
    </Filter>
    <Filter Include="Source Files\utilities">
      <UniqueIdentifier>{28e547e0-e57d-49a0-a8b0-f1a37a6b6b4d}</UniqueIdentifier>
    </Filter>
    <Filter Include="Source Files\ePub">
      <UniqueIdentifier>{865cdc96-b5c2-412a-8b34-59f1587f9238}</UniqueIdentifier>
    </Filter>
    <Filter Include="Source Files\xml">
      <UniqueIdentifier>{77ab0b92-a35c-4399-87cd-4c6f30121447}</UniqueIdentifier>
    </Filter>
    <Filter Include="Source Files\xml\validation">
      <UniqueIdentifier>{45f6cc0e-9781-4e5c-80cc-fda446d3628a}</UniqueIdentifier>
    </Filter>
    <Filter Include="Source Files\xml\tree">
      <UniqueIdentifier>{f2d6bd30-4e78-425b-b1f5-d38663f26202}</UniqueIdentifier>
    </Filter>
    <Filter Include="Source Files\xml\utilities">
      <UniqueIdentifier>{5df87262-4296-455c-b0c3-7c31f13bd5fe}</UniqueIdentifier>
    </Filter>
    <Filter Include="Source Files\ePub\Filters">
      <UniqueIdentifier>{98d0af6c-7c9d-48e3-9d3b-c8d8fdb4ec1d}</UniqueIdentifier>
    </Filter>
    <Filter Include="Source Files\ePub\Filters\Content Preprocessing">
      <UniqueIdentifier>{e67c1c37-9cb8-45df-ba1a-80faf4d540c4}</UniqueIdentifier>
    </Filter>
    <Filter Include="Source Files\ePub\Filters\Encryption">
      <UniqueIdentifier>{1833fde9-2c4e-4493-9c5f-411872c2f53c}</UniqueIdentifier>
    </Filter>
    <Filter Include="Source Files\ePub\Library">
      <UniqueIdentifier>{2490bacb-ea69-4632-8984-7f2f73ca8926}</UniqueIdentifier>
    </Filter>
    <Filter Include="Source Files\ePub\Components">
      <UniqueIdentifier>{8fc0f079-5a3d-47b7-a346-54fdcd9561a9}</UniqueIdentifier>
    </Filter>
    <Filter Include="Source Files\ePub\Components\Navigation">
      <UniqueIdentifier>{a0e27e5b-2b29-4bbb-917c-58d6f26b57ae}</UniqueIdentifier>
    </Filter>
    <Filter Include="Source Files\ePub\Archives">
      <UniqueIdentifier>{81cc9e96-78aa-4441-b147-b9ee68cbd197}</UniqueIdentifier>
    </Filter>
    <Filter Include="Source Files\ThirdParty">
      <UniqueIdentifier>{7b1542d0-8233-4876-9696-3b93e4abcd90}</UniqueIdentifier>
    </Filter>
    <Filter Include="Source Files\ThirdParty\utf8">
      <UniqueIdentifier>{2a04a127-c8af-40f0-a3e5-4feaecd15b44}</UniqueIdentifier>
    </Filter>
    <Filter Include="Source Files\ThirdParty\libzip">
      <UniqueIdentifier>{e01b59f3-a4f9-43e2-a883-b80d45e91ed3}</UniqueIdentifier>
    </Filter>
    <Filter Include="Source Files\ThirdParty\google-url">
      <UniqueIdentifier>{05096ea6-02e6-417d-b4be-0050b12127fd}</UniqueIdentifier>
    </Filter>
    <Filter Include="Source Files\ePub\Components\Properties">
      <UniqueIdentifier>{c2e0a984-26e7-456e-972a-d6d7cb5676be}</UniqueIdentifier>
    </Filter>
  </ItemGroup>
  <ItemGroup>
    <Text Include="ReadMe.txt" />
  </ItemGroup>
  <ItemGroup>
    <ClInclude Include="stdafx.h">
      <Filter>Supporting Files</Filter>
    </ClInclude>
    <ClInclude Include="targetver.h">
      <Filter>Supporting Files</Filter>
    </ClInclude>
    <ClInclude Include="..\..\..\..\ePub3\utilities\alphanum.hpp">
      <Filter>Source Files\utilities</Filter>
    </ClInclude>
    <ClInclude Include="..\..\..\..\ePub3\utilities\basic.h">
      <Filter>Source Files\utilities</Filter>
    </ClInclude>
    <ClInclude Include="..\..\..\..\ePub3\utilities\byte_stream.h">
      <Filter>Source Files\utilities</Filter>
    </ClInclude>
    <ClInclude Include="..\..\..\..\ePub3\utilities\iri.h">
      <Filter>Source Files\utilities</Filter>
    </ClInclude>
    <ClInclude Include="..\..\..\..\ePub3\utilities\ring_buffer.h">
      <Filter>Source Files\utilities</Filter>
    </ClInclude>
    <ClInclude Include="..\..\..\..\ePub3\utilities\run_loop.h">
      <Filter>Source Files\utilities</Filter>
    </ClInclude>
    <ClInclude Include="..\..\..\..\ePub3\utilities\utfstring.h">
      <Filter>Source Files\utilities</Filter>
    </ClInclude>
    <ClInclude Include="..\..\..\..\ePub3\xml\utilities\base.h">
      <Filter>Source Files\xml\utilities</Filter>
    </ClInclude>
    <ClInclude Include="..\..\..\..\ePub3\xml\utilities\io.h">
      <Filter>Source Files\xml\utilities</Filter>
    </ClInclude>
    <ClInclude Include="..\..\..\..\ePub3\xml\tree\document.h">
      <Filter>Source Files\xml\tree</Filter>
    </ClInclude>
    <ClInclude Include="..\..\..\..\ePub3\xml\tree\element.h">
      <Filter>Source Files\xml\tree</Filter>
    </ClInclude>
    <ClInclude Include="..\..\..\..\ePub3\xml\tree\node.h">
      <Filter>Source Files\xml\tree</Filter>
    </ClInclude>
    <ClInclude Include="..\..\..\..\ePub3\xml\tree\xpath.h">
      <Filter>Source Files\xml\tree</Filter>
    </ClInclude>
    <ClInclude Include="..\..\..\..\ePub3\xml\validation\c14n.h">
      <Filter>Source Files\xml\validation</Filter>
    </ClInclude>
    <ClInclude Include="..\..\..\..\ePub3\xml\validation\dtd.h">
      <Filter>Source Files\xml\validation</Filter>
    </ClInclude>
    <ClInclude Include="..\..\..\..\ePub3\xml\validation\ns.h">
      <Filter>Source Files\xml\validation</Filter>
    </ClInclude>
    <ClInclude Include="..\..\..\..\ePub3\xml\validation\schema.h">
      <Filter>Source Files\xml\validation</Filter>
    </ClInclude>
    <ClInclude Include="..\..\..\..\ePub3\ePub\epub3.h">
      <Filter>Source Files\ePub</Filter>
    </ClInclude>
    <ClInclude Include="..\..\..\..\ePub3\ePub\archive.h">
      <Filter>Source Files\ePub\Archives</Filter>
    </ClInclude>
    <ClInclude Include="..\..\..\..\ePub3\ePub\archive_xml.h">
      <Filter>Source Files\ePub\Archives</Filter>
    </ClInclude>
    <ClInclude Include="..\..\..\..\ePub3\ePub\zip_archive.h">
      <Filter>Source Files\ePub\Archives</Filter>
    </ClInclude>
    <ClInclude Include="..\..\..\..\ePub3\ePub\library.h">
      <Filter>Source Files\ePub\Library</Filter>
    </ClInclude>
    <ClInclude Include="..\..\..\..\ePub3\ePub\glossary.h">
      <Filter>Source Files\ePub\Components\Navigation</Filter>
    </ClInclude>
    <ClInclude Include="..\..\..\..\ePub3\ePub\nav_element.h">
      <Filter>Source Files\ePub\Components\Navigation</Filter>
    </ClInclude>
    <ClInclude Include="..\..\..\..\ePub3\ePub\nav_point.h">
      <Filter>Source Files\ePub\Components\Navigation</Filter>
    </ClInclude>
    <ClInclude Include="..\..\..\..\ePub3\ePub\nav_table.h">
      <Filter>Source Files\ePub\Components\Navigation</Filter>
    </ClInclude>
    <ClInclude Include="..\..\..\..\ePub3\ePub\cfi.h">
      <Filter>Source Files\ePub\Components</Filter>
    </ClInclude>
    <ClInclude Include="..\..\..\..\ePub3\ePub\container.h">
      <Filter>Source Files\ePub\Components</Filter>
    </ClInclude>
    <ClInclude Include="..\..\..\..\ePub3\ePub\content_handler.h">
      <Filter>Source Files\ePub\Components</Filter>
    </ClInclude>
    <ClInclude Include="..\..\..\..\ePub3\ePub\encryption.h">
      <Filter>Source Files\ePub\Components</Filter>
    </ClInclude>
    <ClInclude Include="..\..\..\..\ePub3\ePub\manifest.h">
      <Filter>Source Files\ePub\Components</Filter>
    </ClInclude>
    <ClInclude Include="..\..\..\..\ePub3\ePub\media_support_info.h">
      <Filter>Source Files\ePub\Components</Filter>
    </ClInclude>
    <ClInclude Include="..\..\..\..\ePub3\ePub\package.h">
      <Filter>Source Files\ePub\Components</Filter>
    </ClInclude>
    <ClInclude Include="..\..\..\..\ePub3\ePub\signatures.h">
      <Filter>Source Files\ePub\Components</Filter>
    </ClInclude>
    <ClInclude Include="..\..\..\..\ePub3\ePub\spine.h">
      <Filter>Source Files\ePub\Components</Filter>
    </ClInclude>
    <ClInclude Include="..\..\..\..\ePub3\ePub\xpath_wrangler.h">
      <Filter>Source Files\ePub\Components</Filter>
    </ClInclude>
    <ClInclude Include="..\..\..\..\ePub3\ePub\filter.h">
      <Filter>Source Files\ePub\Filters</Filter>
    </ClInclude>
    <ClInclude Include="..\..\..\..\ePub3\ePub\object_preprocessor.h">
      <Filter>Source Files\ePub\Filters\Content Preprocessing</Filter>
    </ClInclude>
    <ClInclude Include="..\..\..\..\ePub3\ePub\switch_preprocessor.h">
      <Filter>Source Files\ePub\Filters\Content Preprocessing</Filter>
    </ClInclude>
    <ClInclude Include="..\..\..\..\ePub3\ePub\font_obfuscation.h">
      <Filter>Source Files\ePub\Filters\Encryption</Filter>
    </ClInclude>
    <ClInclude Include="..\..\..\..\ePub3\_compiler.h">
      <Filter>Source Files</Filter>
    </ClInclude>
    <ClInclude Include="..\..\..\..\ePub3\_config.h">
      <Filter>Source Files</Filter>
    </ClInclude>
    <ClInclude Include="..\..\..\..\ePub3\_platform.h">
      <Filter>Source Files</Filter>
    </ClInclude>
    <ClInclude Include="..\..\..\..\ePub3\base.h">
      <Filter>Source Files</Filter>
    </ClInclude>
    <ClInclude Include="..\..\..\..\ePub3\ThirdParty\utf8-cpp\include\utf8.h">
      <Filter>Source Files\ThirdParty\utf8</Filter>
    </ClInclude>
    <ClInclude Include="..\..\..\..\ePub3\ThirdParty\libzip\Config.h">
      <Filter>Source Files\ThirdParty\libzip</Filter>
    </ClInclude>
    <ClInclude Include="..\..\..\..\ePub3\ThirdParty\libzip\zip.h">
      <Filter>Source Files\ThirdParty\libzip</Filter>
    </ClInclude>
    <ClInclude Include="..\..\..\..\ePub3\ThirdParty\libzip\zipint.h">
      <Filter>Source Files\ThirdParty\libzip</Filter>
    </ClInclude>
    <ClInclude Include="..\..\..\..\ePub3\ThirdParty\google-url\base\basictypes.h">
      <Filter>Source Files\ThirdParty\google-url</Filter>
    </ClInclude>
    <ClInclude Include="..\..\..\..\ePub3\ThirdParty\google-url\base\logging.h">
      <Filter>Source Files\ThirdParty\google-url</Filter>
    </ClInclude>
    <ClInclude Include="..\..\..\..\ePub3\ThirdParty\google-url\base\scoped_ptr.h">
      <Filter>Source Files\ThirdParty\google-url</Filter>
    </ClInclude>
    <ClInclude Include="..\..\..\..\ePub3\ThirdParty\google-url\base\string16.h">
      <Filter>Source Files\ThirdParty\google-url</Filter>
    </ClInclude>
    <ClInclude Include="..\..\..\..\ePub3\ThirdParty\google-url\src\gurl.h">
      <Filter>Source Files\ThirdParty\google-url</Filter>
    </ClInclude>
    <ClInclude Include="..\..\..\..\ePub3\ThirdParty\google-url\src\url_canon.h">
      <Filter>Source Files\ThirdParty\google-url</Filter>
    </ClInclude>
    <ClInclude Include="..\..\..\..\ePub3\ThirdParty\google-url\src\url_canon_cpp11.h">
      <Filter>Source Files\ThirdParty\google-url</Filter>
    </ClInclude>
    <ClInclude Include="..\..\..\..\ePub3\ThirdParty\google-url\src\url_canon_internal.h">
      <Filter>Source Files\ThirdParty\google-url</Filter>
    </ClInclude>
    <ClInclude Include="..\..\..\..\ePub3\ThirdParty\google-url\src\url_canon_internal_file.h">
      <Filter>Source Files\ThirdParty\google-url</Filter>
    </ClInclude>
    <ClInclude Include="..\..\..\..\ePub3\ThirdParty\google-url\src\url_canon_ip.h">
      <Filter>Source Files\ThirdParty\google-url</Filter>
    </ClInclude>
    <ClInclude Include="..\..\..\..\ePub3\ThirdParty\google-url\src\url_canon_stdstring.h">
      <Filter>Source Files\ThirdParty\google-url</Filter>
    </ClInclude>
    <ClInclude Include="..\..\..\..\ePub3\ThirdParty\google-url\src\url_common.h">
      <Filter>Source Files\ThirdParty\google-url</Filter>
    </ClInclude>
    <ClInclude Include="..\..\..\..\ePub3\ThirdParty\google-url\src\url_file.h">
      <Filter>Source Files\ThirdParty\google-url</Filter>
    </ClInclude>
    <ClInclude Include="..\..\..\..\ePub3\ThirdParty\google-url\src\url_parse.h">
      <Filter>Source Files\ThirdParty\google-url</Filter>
    </ClInclude>
    <ClInclude Include="..\..\..\..\ePub3\ThirdParty\google-url\src\url_parse_internal.h">
      <Filter>Source Files\ThirdParty\google-url</Filter>
    </ClInclude>
    <ClInclude Include="..\..\..\..\ePub3\ThirdParty\google-url\src\url_test_utils.h">
      <Filter>Source Files\ThirdParty\google-url</Filter>
    </ClInclude>
    <ClInclude Include="..\..\..\..\ePub3\ThirdParty\google-url\src\url_util.h">
      <Filter>Source Files\ThirdParty\google-url</Filter>
    </ClInclude>
    <ClInclude Include="..\..\..\..\ePub3\ThirdParty\google-url\src\url_util_internal.h">
      <Filter>Source Files\ThirdParty\google-url</Filter>
    </ClInclude>
    <ClInclude Include="..\..\..\..\ePub3\utilities\epub_locale.h">
      <Filter>Source Files\utilities</Filter>
    </ClInclude>
    <ClInclude Include="..\..\..\..\ePub3\ePub\property.h">
      <Filter>Source Files\ePub\Components\Properties</Filter>
    </ClInclude>
    <ClInclude Include="..\..\..\..\ePub3\ePub\property_extension.h">
      <Filter>Source Files\ePub\Components\Properties</Filter>
    </ClInclude>
    <ClInclude Include="..\..\..\..\ePub3\ePub\property_holder.h">
      <Filter>Source Files\ePub\Components\Properties</Filter>
    </ClInclude>
    <ClInclude Include="..\..\..\..\ePub3\utilities\owned_by.h">
      <Filter>Source Files\utilities</Filter>
    </ClInclude>
    <ClInclude Include="..\..\..\..\ePub3\utilities\xml_identifiable.h">
      <Filter>Source Files\utilities</Filter>
    </ClInclude>
  </ItemGroup>
  <ItemGroup>
    <ClCompile Include="stdafx.cpp">
      <Filter>Supporting Files</Filter>
    </ClCompile>
    <ClCompile Include="..\..\..\..\ePub3\utilities\byte_stream.cpp">
      <Filter>Source Files\utilities</Filter>
    </ClCompile>
    <ClCompile Include="..\..\..\..\ePub3\utilities\iri.cpp">
      <Filter>Source Files\utilities</Filter>
    </ClCompile>
    <ClCompile Include="..\..\..\..\ePub3\utilities\ring_buffer.cpp">
      <Filter>Source Files\utilities</Filter>
    </ClCompile>
    <ClCompile Include="..\..\..\..\ePub3\utilities\run_loop_windows.cpp">
      <Filter>Source Files\utilities</Filter>
    </ClCompile>
    <ClCompile Include="..\..\..\..\ePub3\utilities\utfstring.cpp">
      <Filter>Source Files\utilities</Filter>
    </ClCompile>
    <ClCompile Include="..\..\..\..\ePub3\xml\utilities\base.cpp">
      <Filter>Source Files\xml\utilities</Filter>
    </ClCompile>
    <ClCompile Include="..\..\..\..\ePub3\xml\utilities\io.cpp">
      <Filter>Source Files\xml\utilities</Filter>
    </ClCompile>
    <ClCompile Include="..\..\..\..\ePub3\xml\tree\document.cpp">
      <Filter>Source Files\xml\tree</Filter>
    </ClCompile>
    <ClCompile Include="..\..\..\..\ePub3\xml\tree\element.cpp">
      <Filter>Source Files\xml\tree</Filter>
    </ClCompile>
    <ClCompile Include="..\..\..\..\ePub3\xml\tree\node.cpp">
      <Filter>Source Files\xml\tree</Filter>
    </ClCompile>
    <ClCompile Include="..\..\..\..\ePub3\xml\tree\xpath.cpp">
      <Filter>Source Files\xml\tree</Filter>
    </ClCompile>
    <ClCompile Include="..\..\..\..\ePub3\xml\validation\c14n.cpp">
      <Filter>Source Files\xml\validation</Filter>
    </ClCompile>
    <ClCompile Include="..\..\..\..\ePub3\xml\validation\ns.cpp">
      <Filter>Source Files\xml\validation</Filter>
    </ClCompile>
    <ClCompile Include="..\..\..\..\ePub3\xml\validation\schema.cpp">
      <Filter>Source Files\xml\validation</Filter>
    </ClCompile>
    <ClCompile Include="..\..\..\..\ePub3\ePub\archive.cpp">
      <Filter>Source Files\ePub\Archives</Filter>
    </ClCompile>
    <ClCompile Include="..\..\..\..\ePub3\ePub\archive_xml.cpp">
      <Filter>Source Files\ePub\Archives</Filter>
    </ClCompile>
    <ClCompile Include="..\..\..\..\ePub3\ePub\zip_archive.cpp">
      <Filter>Source Files\ePub\Archives</Filter>
    </ClCompile>
    <ClCompile Include="..\..\..\..\ePub3\ePub\library.cpp">
      <Filter>Source Files\ePub\Library</Filter>
    </ClCompile>
    <ClCompile Include="..\..\..\..\ePub3\ePub\glossary.cpp">
      <Filter>Source Files\ePub\Components\Navigation</Filter>
    </ClCompile>
    <ClCompile Include="..\..\..\..\ePub3\ePub\nav_point.cpp">
      <Filter>Source Files\ePub\Components\Navigation</Filter>
    </ClCompile>
    <ClCompile Include="..\..\..\..\ePub3\ePub\nav_table.cpp">
      <Filter>Source Files\ePub\Components\Navigation</Filter>
    </ClCompile>
    <ClCompile Include="..\..\..\..\ePub3\ePub\cfi.cpp">
      <Filter>Source Files\ePub\Components</Filter>
    </ClCompile>
    <ClCompile Include="..\..\..\..\ePub3\ePub\container.cpp">
      <Filter>Source Files\ePub\Components</Filter>
    </ClCompile>
    <ClCompile Include="..\..\..\..\ePub3\ePub\content_handler.cpp">
      <Filter>Source Files\ePub\Components</Filter>
    </ClCompile>
    <ClCompile Include="..\..\..\..\ePub3\ePub\encryption.cpp">
      <Filter>Source Files\ePub\Components</Filter>
    </ClCompile>
    <ClCompile Include="..\..\..\..\ePub3\ePub\manifest.cpp">
      <Filter>Source Files\ePub\Components</Filter>
    </ClCompile>
    <ClCompile Include="..\..\..\..\ePub3\ePub\media_support_info.cpp">
      <Filter>Source Files\ePub\Components</Filter>
    </ClCompile>
    <ClCompile Include="..\..\..\..\ePub3\ePub\package.cpp">
      <Filter>Source Files\ePub\Components</Filter>
    </ClCompile>
    <ClCompile Include="..\..\..\..\ePub3\ePub\signatures.cpp">
      <Filter>Source Files\ePub\Components</Filter>
    </ClCompile>
    <ClCompile Include="..\..\..\..\ePub3\ePub\spine.cpp">
      <Filter>Source Files\ePub\Components</Filter>
    </ClCompile>
    <ClCompile Include="..\..\..\..\ePub3\ePub\xpath_wrangler.cpp">
      <Filter>Source Files\ePub\Components</Filter>
    </ClCompile>
    <ClCompile Include="..\..\..\..\ePub3\ePub\object_preprocessor.cpp">
      <Filter>Source Files\ePub\Filters\Content Preprocessing</Filter>
    </ClCompile>
    <ClCompile Include="..\..\..\..\ePub3\ePub\switch_preprocessor.cpp">
      <Filter>Source Files\ePub\Filters\Content Preprocessing</Filter>
    </ClCompile>
    <ClCompile Include="..\..\..\..\ePub3\ePub\font_obfuscation.cpp">
      <Filter>Source Files\ePub\Filters\Encryption</Filter>
    </ClCompile>
    <ClCompile Include="..\..\..\..\ePub3\ThirdParty\libzip\mkstemp.c">
      <Filter>Source Files\ThirdParty\libzip</Filter>
    </ClCompile>
    <ClCompile Include="..\..\..\..\ePub3\ThirdParty\libzip\zip_add.c">
      <Filter>Source Files\ThirdParty\libzip</Filter>
    </ClCompile>
    <ClCompile Include="..\..\..\..\ePub3\ThirdParty\libzip\zip_add_dir.c">
      <Filter>Source Files\ThirdParty\libzip</Filter>
    </ClCompile>
    <ClCompile Include="..\..\..\..\ePub3\ThirdParty\libzip\zip_close.c">
      <Filter>Source Files\ThirdParty\libzip</Filter>
    </ClCompile>
    <ClCompile Include="..\..\..\..\ePub3\ThirdParty\libzip\zip_delete.c">
      <Filter>Source Files\ThirdParty\libzip</Filter>
    </ClCompile>
    <ClCompile Include="..\..\..\..\ePub3\ThirdParty\libzip\zip_dirent.c">
      <Filter>Source Files\ThirdParty\libzip</Filter>
    </ClCompile>
    <ClCompile Include="..\..\..\..\ePub3\ThirdParty\libzip\zip_entry_free.c">
      <Filter>Source Files\ThirdParty\libzip</Filter>
    </ClCompile>
    <ClCompile Include="..\..\..\..\ePub3\ThirdParty\libzip\zip_entry_new.c">
      <Filter>Source Files\ThirdParty\libzip</Filter>
    </ClCompile>
    <ClCompile Include="..\..\..\..\ePub3\ThirdParty\libzip\zip_err_str.c">
      <Filter>Source Files\ThirdParty\libzip</Filter>
    </ClCompile>
    <ClCompile Include="..\..\..\..\ePub3\ThirdParty\libzip\zip_error.c">
      <Filter>Source Files\ThirdParty\libzip</Filter>
    </ClCompile>
    <ClCompile Include="..\..\..\..\ePub3\ThirdParty\libzip\zip_error_clear.c">
      <Filter>Source Files\ThirdParty\libzip</Filter>
    </ClCompile>
    <ClCompile Include="..\..\..\..\ePub3\ThirdParty\libzip\zip_error_get.c">
      <Filter>Source Files\ThirdParty\libzip</Filter>
    </ClCompile>
    <ClCompile Include="..\..\..\..\ePub3\ThirdParty\libzip\zip_error_get_sys_type.c">
      <Filter>Source Files\ThirdParty\libzip</Filter>
    </ClCompile>
    <ClCompile Include="..\..\..\..\ePub3\ThirdParty\libzip\zip_error_strerror.c">
      <Filter>Source Files\ThirdParty\libzip</Filter>
    </ClCompile>
    <ClCompile Include="..\..\..\..\ePub3\ThirdParty\libzip\zip_error_to_str.c">
      <Filter>Source Files\ThirdParty\libzip</Filter>
    </ClCompile>
    <ClCompile Include="..\..\..\..\ePub3\ThirdParty\libzip\zip_fclose.c">
      <Filter>Source Files\ThirdParty\libzip</Filter>
    </ClCompile>
    <ClCompile Include="..\..\..\..\ePub3\ThirdParty\libzip\zip_file_error_clear.c">
      <Filter>Source Files\ThirdParty\libzip</Filter>
    </ClCompile>
    <ClCompile Include="..\..\..\..\ePub3\ThirdParty\libzip\zip_file_error_get.c">
      <Filter>Source Files\ThirdParty\libzip</Filter>
    </ClCompile>
    <ClCompile Include="..\..\..\..\ePub3\ThirdParty\libzip\zip_file_get_offset.c">
      <Filter>Source Files\ThirdParty\libzip</Filter>
    </ClCompile>
    <ClCompile Include="..\..\..\..\ePub3\ThirdParty\libzip\zip_file_strerror.c">
      <Filter>Source Files\ThirdParty\libzip</Filter>
    </ClCompile>
    <ClCompile Include="..\..\..\..\ePub3\ThirdParty\libzip\zip_filerange_crc.c">
      <Filter>Source Files\ThirdParty\libzip</Filter>
    </ClCompile>
    <ClCompile Include="..\..\..\..\ePub3\ThirdParty\libzip\zip_fopen.c">
      <Filter>Source Files\ThirdParty\libzip</Filter>
    </ClCompile>
    <ClCompile Include="..\..\..\..\ePub3\ThirdParty\libzip\zip_fopen_index.c">
      <Filter>Source Files\ThirdParty\libzip</Filter>
    </ClCompile>
    <ClCompile Include="..\..\..\..\ePub3\ThirdParty\libzip\zip_fread.c">
      <Filter>Source Files\ThirdParty\libzip</Filter>
    </ClCompile>
    <ClCompile Include="..\..\..\..\ePub3\ThirdParty\libzip\zip_free.c">
      <Filter>Source Files\ThirdParty\libzip</Filter>
    </ClCompile>
    <ClCompile Include="..\..\..\..\ePub3\ThirdParty\libzip\zip_get_archive_comment.c">
      <Filter>Source Files\ThirdParty\libzip</Filter>
    </ClCompile>
    <ClCompile Include="..\..\..\..\ePub3\ThirdParty\libzip\zip_get_archive_flag.c">
      <Filter>Source Files\ThirdParty\libzip</Filter>
    </ClCompile>
    <ClCompile Include="..\..\..\..\ePub3\ThirdParty\libzip\zip_get_file_comment.c">
      <Filter>Source Files\ThirdParty\libzip</Filter>
    </ClCompile>
    <ClCompile Include="..\..\..\..\ePub3\ThirdParty\libzip\zip_get_name.c">
      <Filter>Source Files\ThirdParty\libzip</Filter>
    </ClCompile>
    <ClCompile Include="..\..\..\..\ePub3\ThirdParty\libzip\zip_get_num_files.c">
      <Filter>Source Files\ThirdParty\libzip</Filter>
    </ClCompile>
    <ClCompile Include="..\..\..\..\ePub3\ThirdParty\libzip\zip_memdup.c">
      <Filter>Source Files\ThirdParty\libzip</Filter>
    </ClCompile>
    <ClCompile Include="..\..\..\..\ePub3\ThirdParty\libzip\zip_name_locate.c">
      <Filter>Source Files\ThirdParty\libzip</Filter>
    </ClCompile>
    <ClCompile Include="..\..\..\..\ePub3\ThirdParty\libzip\zip_new.c">
      <Filter>Source Files\ThirdParty\libzip</Filter>
    </ClCompile>
    <ClCompile Include="..\..\..\..\ePub3\ThirdParty\libzip\zip_open.c">
      <Filter>Source Files\ThirdParty\libzip</Filter>
    </ClCompile>
    <ClCompile Include="..\..\..\..\ePub3\ThirdParty\libzip\zip_rename.c">
      <Filter>Source Files\ThirdParty\libzip</Filter>
    </ClCompile>
    <ClCompile Include="..\..\..\..\ePub3\ThirdParty\libzip\zip_replace.c">
      <Filter>Source Files\ThirdParty\libzip</Filter>
    </ClCompile>
    <ClCompile Include="..\..\..\..\ePub3\ThirdParty\libzip\zip_set_archive_comment.c">
      <Filter>Source Files\ThirdParty\libzip</Filter>
    </ClCompile>
    <ClCompile Include="..\..\..\..\ePub3\ThirdParty\libzip\zip_set_archive_flag.c">
      <Filter>Source Files\ThirdParty\libzip</Filter>
    </ClCompile>
    <ClCompile Include="..\..\..\..\ePub3\ThirdParty\libzip\zip_set_file_comment.c">
      <Filter>Source Files\ThirdParty\libzip</Filter>
    </ClCompile>
    <ClCompile Include="..\..\..\..\ePub3\ThirdParty\libzip\zip_set_name.c">
      <Filter>Source Files\ThirdParty\libzip</Filter>
    </ClCompile>
    <ClCompile Include="..\..\..\..\ePub3\ThirdParty\libzip\zip_source_buffer.c">
      <Filter>Source Files\ThirdParty\libzip</Filter>
    </ClCompile>
    <ClCompile Include="..\..\..\..\ePub3\ThirdParty\libzip\zip_source_file.c">
      <Filter>Source Files\ThirdParty\libzip</Filter>
    </ClCompile>
    <ClCompile Include="..\..\..\..\ePub3\ThirdParty\libzip\zip_source_filep.c">
      <Filter>Source Files\ThirdParty\libzip</Filter>
    </ClCompile>
    <ClCompile Include="..\..\..\..\ePub3\ThirdParty\libzip\zip_source_free.c">
      <Filter>Source Files\ThirdParty\libzip</Filter>
    </ClCompile>
    <ClCompile Include="..\..\..\..\ePub3\ThirdParty\libzip\zip_source_function.c">
      <Filter>Source Files\ThirdParty\libzip</Filter>
    </ClCompile>
    <ClCompile Include="..\..\..\..\ePub3\ThirdParty\libzip\zip_source_zip.c">
      <Filter>Source Files\ThirdParty\libzip</Filter>
    </ClCompile>
    <ClCompile Include="..\..\..\..\ePub3\ThirdParty\libzip\zip_stat.c">
      <Filter>Source Files\ThirdParty\libzip</Filter>
    </ClCompile>
    <ClCompile Include="..\..\..\..\ePub3\ThirdParty\libzip\zip_stat_index.c">
      <Filter>Source Files\ThirdParty\libzip</Filter>
    </ClCompile>
    <ClCompile Include="..\..\..\..\ePub3\ThirdParty\libzip\zip_stat_init.c">
      <Filter>Source Files\ThirdParty\libzip</Filter>
    </ClCompile>
    <ClCompile Include="..\..\..\..\ePub3\ThirdParty\libzip\zip_strerror.c">
      <Filter>Source Files\ThirdParty\libzip</Filter>
    </ClCompile>
    <ClCompile Include="..\..\..\..\ePub3\ThirdParty\libzip\zip_unchange.c">
      <Filter>Source Files\ThirdParty\libzip</Filter>
    </ClCompile>
    <ClCompile Include="..\..\..\..\ePub3\ThirdParty\libzip\zip_unchange_all.c">
      <Filter>Source Files\ThirdParty\libzip</Filter>
    </ClCompile>
    <ClCompile Include="..\..\..\..\ePub3\ThirdParty\libzip\zip_unchange_archive.c">
      <Filter>Source Files\ThirdParty\libzip</Filter>
    </ClCompile>
    <ClCompile Include="..\..\..\..\ePub3\ThirdParty\libzip\zip_unchange_data.c">
      <Filter>Source Files\ThirdParty\libzip</Filter>
    </ClCompile>
    <ClCompile Include="..\..\..\..\ePub3\ThirdParty\google-url\base\logging.cc">
      <Filter>Source Files\ThirdParty\google-url</Filter>
    </ClCompile>
    <ClCompile Include="..\..\..\..\ePub3\ThirdParty\google-url\base\string16.cc">
      <Filter>Source Files\ThirdParty\google-url</Filter>
    </ClCompile>
    <ClCompile Include="..\..\..\..\ePub3\ThirdParty\google-url\src\gurl.cc">
      <Filter>Source Files\ThirdParty\google-url</Filter>
    </ClCompile>
    <ClCompile Include="..\..\..\..\ePub3\ThirdParty\google-url\src\url_canon_cpp11.cc">
      <Filter>Source Files\ThirdParty\google-url</Filter>
    </ClCompile>
    <ClCompile Include="..\..\..\..\ePub3\ThirdParty\google-url\src\url_canon_etc.cc">
      <Filter>Source Files\ThirdParty\google-url</Filter>
    </ClCompile>
    <ClCompile Include="..\..\..\..\ePub3\ThirdParty\google-url\src\url_canon_filesystemurl.cc">
      <Filter>Source Files\ThirdParty\google-url</Filter>
    </ClCompile>
    <ClCompile Include="..\..\..\..\ePub3\ThirdParty\google-url\src\url_canon_fileurl.cc">
      <Filter>Source Files\ThirdParty\google-url</Filter>
    </ClCompile>
    <ClCompile Include="..\..\..\..\ePub3\ThirdParty\google-url\src\url_canon_host.cc">
      <Filter>Source Files\ThirdParty\google-url</Filter>
    </ClCompile>
    <ClCompile Include="..\..\..\..\ePub3\ThirdParty\google-url\src\url_canon_internal.cc">
      <Filter>Source Files\ThirdParty\google-url</Filter>
    </ClCompile>
    <ClCompile Include="..\..\..\..\ePub3\ThirdParty\google-url\src\url_canon_ip.cc">
      <Filter>Source Files\ThirdParty\google-url</Filter>
    </ClCompile>
    <ClCompile Include="..\..\..\..\ePub3\ThirdParty\google-url\src\url_canon_mailtourl.cc">
      <Filter>Source Files\ThirdParty\google-url</Filter>
    </ClCompile>
    <ClCompile Include="..\..\..\..\ePub3\ThirdParty\google-url\src\url_canon_path.cc">
      <Filter>Source Files\ThirdParty\google-url</Filter>
    </ClCompile>
    <ClCompile Include="..\..\..\..\ePub3\ThirdParty\google-url\src\url_canon_pathurl.cc">
      <Filter>Source Files\ThirdParty\google-url</Filter>
    </ClCompile>
    <ClCompile Include="..\..\..\..\ePub3\ThirdParty\google-url\src\url_canon_query.cc">
      <Filter>Source Files\ThirdParty\google-url</Filter>
    </ClCompile>
    <ClCompile Include="..\..\..\..\ePub3\ThirdParty\google-url\src\url_canon_relative.cc">
      <Filter>Source Files\ThirdParty\google-url</Filter>
    </ClCompile>
    <ClCompile Include="..\..\..\..\ePub3\ThirdParty\google-url\src\url_canon_stdurl.cc">
      <Filter>Source Files\ThirdParty\google-url</Filter>
    </ClCompile>
    <ClCompile Include="..\..\..\..\ePub3\ThirdParty\google-url\src\url_parse.cc">
      <Filter>Source Files\ThirdParty\google-url</Filter>
    </ClCompile>
    <ClCompile Include="..\..\..\..\ePub3\ThirdParty\google-url\src\url_parse_file.cc">
      <Filter>Source Files\ThirdParty\google-url</Filter>
    </ClCompile>
    <ClCompile Include="..\..\..\..\ePub3\ThirdParty\google-url\src\url_util.cc">
      <Filter>Source Files\ThirdParty\google-url</Filter>
    </ClCompile>
    <ClCompile Include="..\..\..\..\ePub3\utilities\epub_locale.cpp">
      <Filter>Source Files\utilities</Filter>
    </ClCompile>
    <ClCompile Include="..\..\..\..\ePub3\ePub\property.cpp">
      <Filter>Source Files\ePub\Components\Properties</Filter>
    </ClCompile>
    <ClCompile Include="..\..\..\..\ePub3\ePub\property_extension.cpp">
      <Filter>Source Files\ePub\Components\Properties</Filter>
    </ClCompile>
    <ClCompile Include="..\..\..\..\ePub3\ePub\property_holder.cpp">
      <Filter>Source Files\ePub\Components\Properties</Filter>
    </ClCompile>
    <ClCompile Include="..\..\..\..\ePub3\utilities\error_handler.cpp">
      <Filter>Source Files\utilities</Filter>
    </ClCompile>
    <ClCompile Include="..\..\..\..\ePub3\utilities\future.cpp">
      <Filter>Source Files\utilities</Filter>
    </ClCompile>
    <ClCompile Include="..\..\..\..\ePub3\ePub\content_module_manager.cpp">
      <Filter>Source Files\ePub\Components</Filter>
    </ClCompile>
    <ClCompile Include="..\..\..\..\ePub3\ePub\filter_manager.cpp">
      <Filter>Source Files\ePub\Components</Filter>
    </ClCompile>
    <ClCompile Include="..\..\..\..\ePub3\ePub\epub_collection.cpp">
      <Filter>Source Files\ePub\Components</Filter>
    </ClCompile>
    <ClCompile Include="..\..\..\..\ePub3\ePub\credential_request.cpp">
      <Filter>Source Files\ePub\Components</Filter>
    </ClCompile>
    <ClCompile Include="..\..\..\..\ePub3\ePub\filter_chain_byte_stream.cpp">
      <Filter>Source Files\ePub\Components</Filter>
    </ClCompile>
    <ClCompile Include="..\..\..\..\ePub3\ePub\filter_chain_byte_stream_range.cpp">
      <Filter>Source Files\ePub\Components</Filter>
    </ClCompile>
    <ClCompile Include="..\..\..\..\ePub3\ePub\filter_manager_impl.cpp">
      <Filter>Source Files\ePub\Components</Filter>
    </ClCompile>
    <ClCompile Include="..\..\..\..\ePub3\ePub\link.cpp">
      <Filter>Source Files\ePub\Components</Filter>
    </ClCompile>
    <ClCompile Include="..\..\..\..\ePub3\ePub\media-overlays_smil_data.cpp">
      <Filter>Source Files\ePub\Components</Filter>
    </ClCompile>
    <ClCompile Include="..\..\..\..\ePub3\ePub\media-overlays_smil_model.cpp">
      <Filter>Source Files\ePub\Components</Filter>
    </ClCompile>
    <ClCompile Include="..\..\..\..\ePub3\utilities\byte_buffer.cpp">
      <Filter>Source Files\utilities</Filter>
    </ClCompile>
    <ClCompile Include="..\..\..\..\ePub3\utilities\path_help.cpp">
      <Filter>Source Files\utilities</Filter>
    </ClCompile>
    <ClCompile Include="..\..\..\..\ePub3\ePub\filter_chain.cpp">
      <Filter>Source Files\ePub\Components</Filter>
    </ClCompile>
    <ClCompile Include="..\..\..\..\ePub3\ThirdParty\libzip\zip_fseek.c">
      <Filter>Source Files\ThirdParty\libzip</Filter>
    </ClCompile>
    <ClCompile Include="..\..\..\..\ePub3\ThirdParty\libzip\zip_ftell.c">
      <Filter>Source Files\ThirdParty\libzip</Filter>
    </ClCompile>
  </ItemGroup>
</Project>